
Microsoft Visual Studio Solution File, Format Version 12.00
# Visual Studio 15
VisualStudioVersion = 15.0.28307.1340
MinimumVisualStudioVersion = 10.0.40219.1
Project("{8BC9CEB8-8B4A-11D0-8D11-00A0C91BC942}") = "Imagic", "Imagic\Imagic.vcxproj", "{4D3E69FF-CC48-4F6E-A657-C47148FED70B}"
EndProject
Global
	GlobalSection(SolutionConfigurationPlatforms) = preSolution
		Debug|x64 = Debug|x64
		Debug|x86 = Debug|x86
		Release|x64 = Release|x64
		Release|x86 = Release|x86
	EndGlobalSection
	GlobalSection(ProjectConfigurationPlatforms) = postSolution
		{4D3E69FF-CC48-4F6E-A657-C47148FED70B}.Debug|x64.ActiveCfg = Debug|x64
		{4D3E69FF-CC48-4F6E-A657-C47148FED70B}.Debug|x64.Build.0 = Debug|x64
		{4D3E69FF-CC48-4F6E-A657-C47148FED70B}.Debug|x86.ActiveCfg = Debug|Win32
		{4D3E69FF-CC48-4F6E-A657-C47148FED70B}.Debug|x86.Build.0 = Debug|Win32
		{4D3E69FF-CC48-4F6E-A657-C47148FED70B}.Release|x64.ActiveCfg = Release|x64
		{4D3E69FF-CC48-4F6E-A657-C47148FED70B}.Release|x64.Build.0 = Release|x64
		{4D3E69FF-CC48-4F6E-A657-C47148FED70B}.Release|x86.ActiveCfg = Release|Win32
		{4D3E69FF-CC48-4F6E-A657-C47148FED70B}.Release|x86.Build.0 = Release|Win32
	EndGlobalSection
	GlobalSection(SolutionProperties) = preSolution
		HideSolutionNode = FALSE
	EndGlobalSection
	GlobalSection(ExtensibilityGlobals) = postSolution
		SolutionGuid = {1330A337-72A6-4083-B72B-935F72EBF6C6}
	EndGlobalSection
EndGlobal
