<?xml version="1.0" encoding="utf-8"?>
<Project ToolsVersion="4.0" xmlns="http://schemas.microsoft.com/developer/msbuild/2003">
  <ItemGroup>
    <Filter Include="소스 파일">
      <UniqueIdentifier>{4FC737F1-C7A5-4376-A066-2A32D752A2FF}</UniqueIdentifier>
      <Extensions>cpp;c;cc;cxx;def;odl;idl;hpj;bat;asm;asmx</Extensions>
    </Filter>
    <Filter Include="헤더 파일">
      <UniqueIdentifier>{93995380-89BD-4b04-88EB-625FBE52EBFB}</UniqueIdentifier>
      <Extensions>h;hh;hpp;hxx;hm;inl;inc;ipp;xsd</Extensions>
    </Filter>
    <Filter Include="리소스 파일">
      <UniqueIdentifier>{67DA6AB6-F800-4c08-8B7A-83BB121AAD01}</UniqueIdentifier>
      <Extensions>rc;ico;cur;bmp;dlg;rc2;rct;bin;rgs;gif;jpg;jpeg;jpe;resx;tiff;tif;png;wav;mfcribbon-ms</Extensions>
    </Filter>
  </ItemGroup>
  <ItemGroup>
    <ClCompile Include="소스.cpp">
      <Filter>소스 파일</Filter>
    </ClCompile>
  </ItemGroup>
  <ItemGroup>
    <ClInclude Include="..\include\Magick++.h">
      <Filter>헤더 파일</Filter>
    </ClInclude>
    <ClInclude Include="..\include\MagickCore\accelerate-kernels-private.h">
      <Filter>헤더 파일</Filter>
    </ClInclude>
    <ClInclude Include="..\include\MagickCore\accelerate-private.h">
      <Filter>헤더 파일</Filter>
    </ClInclude>
    <ClInclude Include="..\include\MagickCore\animate-private.h">
      <Filter>헤더 파일</Filter>
    </ClInclude>
    <ClInclude Include="..\include\MagickCore\animate.h">
      <Filter>헤더 파일</Filter>
    </ClInclude>
    <ClInclude Include="..\include\MagickCore\annotate-private.h">
      <Filter>헤더 파일</Filter>
    </ClInclude>
    <ClInclude Include="..\include\MagickCore\annotate.h">
      <Filter>헤더 파일</Filter>
    </ClInclude>
    <ClInclude Include="..\include\MagickCore\artifact.h">
      <Filter>헤더 파일</Filter>
    </ClInclude>
    <ClInclude Include="..\include\MagickCore\attribute.h">
      <Filter>헤더 파일</Filter>
    </ClInclude>
    <ClInclude Include="..\include\MagickCore\blob-private.h">
      <Filter>헤더 파일</Filter>
    </ClInclude>
    <ClInclude Include="..\include\MagickCore\blob.h">
      <Filter>헤더 파일</Filter>
    </ClInclude>
    <ClInclude Include="..\include\MagickCore\cache-private.h">
      <Filter>헤더 파일</Filter>
    </ClInclude>
    <ClInclude Include="..\include\MagickCore\cache-view.h">
      <Filter>헤더 파일</Filter>
    </ClInclude>
    <ClInclude Include="..\include\MagickCore\cache.h">
      <Filter>헤더 파일</Filter>
    </ClInclude>
    <ClInclude Include="..\include\MagickCore\channel.h">
      <Filter>헤더 파일</Filter>
    </ClInclude>
    <ClInclude Include="..\include\MagickCore\cipher.h">
      <Filter>헤더 파일</Filter>
    </ClInclude>
    <ClInclude Include="..\include\MagickCore\client.h">
      <Filter>헤더 파일</Filter>
    </ClInclude>
    <ClInclude Include="..\include\MagickCore\coder-private.h">
      <Filter>헤더 파일</Filter>
    </ClInclude>
    <ClInclude Include="..\include\MagickCore\coder.h">
      <Filter>헤더 파일</Filter>
    </ClInclude>
    <ClInclude Include="..\include\MagickCore\color-private.h">
      <Filter>헤더 파일</Filter>
    </ClInclude>
    <ClInclude Include="..\include\MagickCore\color.h">
      <Filter>헤더 파일</Filter>
    </ClInclude>
    <ClInclude Include="..\include\MagickCore\colormap-private.h">
      <Filter>헤더 파일</Filter>
    </ClInclude>
    <ClInclude Include="..\include\MagickCore\colormap.h">
      <Filter>헤더 파일</Filter>
    </ClInclude>
    <ClInclude Include="..\include\MagickCore\colorspace-private.h">
      <Filter>헤더 파일</Filter>
    </ClInclude>
    <ClInclude Include="..\include\MagickCore\colorspace.h">
      <Filter>헤더 파일</Filter>
    </ClInclude>
    <ClInclude Include="..\include\MagickCore\compare.h">
      <Filter>헤더 파일</Filter>
    </ClInclude>
    <ClInclude Include="..\include\MagickCore\composite-private.h">
      <Filter>헤더 파일</Filter>
    </ClInclude>
    <ClInclude Include="..\include\MagickCore\composite.h">
      <Filter>헤더 파일</Filter>
    </ClInclude>
    <ClInclude Include="..\include\MagickCore\compress.h">
      <Filter>헤더 파일</Filter>
    </ClInclude>
    <ClInclude Include="..\include\MagickCore\configure-private.h">
      <Filter>헤더 파일</Filter>
    </ClInclude>
    <ClInclude Include="..\include\MagickCore\configure.h">
      <Filter>헤더 파일</Filter>
    </ClInclude>
    <ClInclude Include="..\include\MagickCore\constitute-private.h">
      <Filter>헤더 파일</Filter>
    </ClInclude>
    <ClInclude Include="..\include\MagickCore\constitute.h">
      <Filter>헤더 파일</Filter>
    </ClInclude>
    <ClInclude Include="..\include\MagickCore\decorate.h">
      <Filter>헤더 파일</Filter>
    </ClInclude>
    <ClInclude Include="..\include\MagickCore\delegate-private.h">
      <Filter>헤더 파일</Filter>
    </ClInclude>
    <ClInclude Include="..\include\MagickCore\delegate.h">
      <Filter>헤더 파일</Filter>
    </ClInclude>
    <ClInclude Include="..\include\MagickCore\deprecate.h">
      <Filter>헤더 파일</Filter>
    </ClInclude>
    <ClInclude Include="..\include\MagickCore\display-private.h">
      <Filter>헤더 파일</Filter>
    </ClInclude>
    <ClInclude Include="..\include\MagickCore\display.h">
      <Filter>헤더 파일</Filter>
    </ClInclude>
    <ClInclude Include="..\include\MagickCore\distort.h">
      <Filter>헤더 파일</Filter>
    </ClInclude>
    <ClInclude Include="..\include\MagickCore\distribute-cache-private.h">
      <Filter>헤더 파일</Filter>
    </ClInclude>
    <ClInclude Include="..\include\MagickCore\distribute-cache.h">
      <Filter>헤더 파일</Filter>
    </ClInclude>
    <ClInclude Include="..\include\MagickCore\draw-private.h">
      <Filter>헤더 파일</Filter>
    </ClInclude>
    <ClInclude Include="..\include\MagickCore\draw.h">
      <Filter>헤더 파일</Filter>
    </ClInclude>
    <ClInclude Include="..\include\MagickCore\effect.h">
      <Filter>헤더 파일</Filter>
    </ClInclude>
    <ClInclude Include="..\include\MagickCore\enhance.h">
      <Filter>헤더 파일</Filter>
    </ClInclude>
    <ClInclude Include="..\include\MagickCore\exception-private.h">
      <Filter>헤더 파일</Filter>
    </ClInclude>
    <ClInclude Include="..\include\MagickCore\exception.h">
      <Filter>헤더 파일</Filter>
    </ClInclude>
    <ClInclude Include="..\include\MagickCore\feature.h">
      <Filter>헤더 파일</Filter>
    </ClInclude>
    <ClInclude Include="..\include\MagickCore\fourier.h">
      <Filter>헤더 파일</Filter>
    </ClInclude>
    <ClInclude Include="..\include\MagickCore\fx-private.h">
      <Filter>헤더 파일</Filter>
    </ClInclude>
    <ClInclude Include="..\include\MagickCore\fx.h">
      <Filter>헤더 파일</Filter>
    </ClInclude>
    <ClInclude Include="..\include\MagickCore\gem-private.h">
      <Filter>헤더 파일</Filter>
    </ClInclude>
    <ClInclude Include="..\include\MagickCore\gem.h">
      <Filter>헤더 파일</Filter>
    </ClInclude>
    <ClInclude Include="..\include\MagickCore\geometry.h">
      <Filter>헤더 파일</Filter>
    </ClInclude>
    <ClInclude Include="..\include\MagickCore\histogram.h">
      <Filter>헤더 파일</Filter>
    </ClInclude>
    <ClInclude Include="..\include\MagickCore\identify.h">
      <Filter>헤더 파일</Filter>
    </ClInclude>
    <ClInclude Include="..\include\MagickCore\image-private.h">
      <Filter>헤더 파일</Filter>
    </ClInclude>
    <ClInclude Include="..\include\MagickCore\image-view.h">
      <Filter>헤더 파일</Filter>
    </ClInclude>
    <ClInclude Include="..\include\MagickCore\image.h">
      <Filter>헤더 파일</Filter>
    </ClInclude>
    <ClInclude Include="..\include\MagickCore\layer.h">
      <Filter>헤더 파일</Filter>
    </ClInclude>
    <ClInclude Include="..\include\MagickCore\linked-list.h">
      <Filter>헤더 파일</Filter>
    </ClInclude>
    <ClInclude Include="..\include\MagickCore\list.h">
      <Filter>헤더 파일</Filter>
    </ClInclude>
    <ClInclude Include="..\include\MagickCore\locale-private.h">
      <Filter>헤더 파일</Filter>
    </ClInclude>
    <ClInclude Include="..\include\MagickCore\locale_.h">
      <Filter>헤더 파일</Filter>
    </ClInclude>
    <ClInclude Include="..\include\MagickCore\log-private.h">
      <Filter>헤더 파일</Filter>
    </ClInclude>
    <ClInclude Include="..\include\MagickCore\log.h">
      <Filter>헤더 파일</Filter>
    </ClInclude>
    <ClInclude Include="..\include\MagickCore\magic-private.h">
      <Filter>헤더 파일</Filter>
    </ClInclude>
    <ClInclude Include="..\include\MagickCore\magic.h">
      <Filter>헤더 파일</Filter>
    </ClInclude>
    <ClInclude Include="..\include\MagickCore\magick-baseconfig.h">
      <Filter>헤더 파일</Filter>
    </ClInclude>
    <ClInclude Include="..\include\MagickCore\magick-config.h">
      <Filter>헤더 파일</Filter>
    </ClInclude>
    <ClInclude Include="..\include\MagickCore\magick-private.h">
      <Filter>헤더 파일</Filter>
    </ClInclude>
    <ClInclude Include="..\include\MagickCore\magick-type.h">
      <Filter>헤더 파일</Filter>
    </ClInclude>
    <ClInclude Include="..\include\MagickCore\magick.h">
      <Filter>헤더 파일</Filter>
    </ClInclude>
    <ClInclude Include="..\include\MagickCore\MagickCore.h">
      <Filter>헤더 파일</Filter>
    </ClInclude>
    <ClInclude Include="..\include\MagickCore\matrix-private.h">
      <Filter>헤더 파일</Filter>
    </ClInclude>
    <ClInclude Include="..\include\MagickCore\matrix.h">
      <Filter>헤더 파일</Filter>
    </ClInclude>
    <ClInclude Include="..\include\MagickCore\memory-private.h">
      <Filter>헤더 파일</Filter>
    </ClInclude>
    <ClInclude Include="..\include\MagickCore\memory_.h">
      <Filter>헤더 파일</Filter>
    </ClInclude>
    <ClInclude Include="..\include\MagickCore\method-attribute.h">
      <Filter>헤더 파일</Filter>
    </ClInclude>
    <ClInclude Include="..\include\MagickCore\methods-private.h">
      <Filter>헤더 파일</Filter>
    </ClInclude>
    <ClInclude Include="..\include\MagickCore\methods.h">
      <Filter>헤더 파일</Filter>
    </ClInclude>
    <ClInclude Include="..\include\MagickCore\mime-private.h">
      <Filter>헤더 파일</Filter>
    </ClInclude>
    <ClInclude Include="..\include\MagickCore\mime.h">
      <Filter>헤더 파일</Filter>
    </ClInclude>
    <ClInclude Include="..\include\MagickCore\module-private.h">
      <Filter>헤더 파일</Filter>
    </ClInclude>
    <ClInclude Include="..\include\MagickCore\module.h">
      <Filter>헤더 파일</Filter>
    </ClInclude>
    <ClInclude Include="..\include\MagickCore\monitor-private.h">
      <Filter>헤더 파일</Filter>
    </ClInclude>
    <ClInclude Include="..\include\MagickCore\monitor.h">
      <Filter>헤더 파일</Filter>
    </ClInclude>
    <ClInclude Include="..\include\MagickCore\montage.h">
      <Filter>헤더 파일</Filter>
    </ClInclude>
    <ClInclude Include="..\include\MagickCore\morphology-private.h">
      <Filter>헤더 파일</Filter>
    </ClInclude>
    <ClInclude Include="..\include\MagickCore\morphology.h">
      <Filter>헤더 파일</Filter>
    </ClInclude>
    <ClInclude Include="..\include\MagickCore\mutex.h">
      <Filter>헤더 파일</Filter>
    </ClInclude>
    <ClInclude Include="..\include\MagickCore\nt-base-private.h">
      <Filter>헤더 파일</Filter>
    </ClInclude>
    <ClInclude Include="..\include\MagickCore\nt-base.h">
      <Filter>헤더 파일</Filter>
    </ClInclude>
    <ClInclude Include="..\include\MagickCore\nt-feature.h">
      <Filter>헤더 파일</Filter>
    </ClInclude>
    <ClInclude Include="..\include\MagickCore\opencl-private.h">
      <Filter>헤더 파일</Filter>
    </ClInclude>
    <ClInclude Include="..\include\MagickCore\opencl.h">
      <Filter>헤더 파일</Filter>
    </ClInclude>
    <ClInclude Include="..\include\MagickCore\option-private.h">
      <Filter>헤더 파일</Filter>
    </ClInclude>
    <ClInclude Include="..\include\MagickCore\option.h">
      <Filter>헤더 파일</Filter>
    </ClInclude>
    <ClInclude Include="..\include\MagickCore\paint.h">
      <Filter>헤더 파일</Filter>
    </ClInclude>
    <ClInclude Include="..\include\MagickCore\pixel-accessor.h">
      <Filter>헤더 파일</Filter>
    </ClInclude>
    <ClInclude Include="..\include\MagickCore\pixel-private.h">
      <Filter>헤더 파일</Filter>
    </ClInclude>
    <ClInclude Include="..\include\MagickCore\pixel.h">
      <Filter>헤더 파일</Filter>
    </ClInclude>
    <ClInclude Include="..\include\MagickCore\policy-private.h">
      <Filter>헤더 파일</Filter>
    </ClInclude>
    <ClInclude Include="..\include\MagickCore\policy.h">
      <Filter>헤더 파일</Filter>
    </ClInclude>
    <ClInclude Include="..\include\MagickCore\prepress.h">
      <Filter>헤더 파일</Filter>
    </ClInclude>
    <ClInclude Include="..\include\MagickCore\profile-private.h">
      <Filter>헤더 파일</Filter>
    </ClInclude>
    <ClInclude Include="..\include\MagickCore\profile.h">
      <Filter>헤더 파일</Filter>
    </ClInclude>
    <ClInclude Include="..\include\MagickCore\property.h">
      <Filter>헤더 파일</Filter>
    </ClInclude>
    <ClInclude Include="..\include\MagickCore\quantize.h">
      <Filter>헤더 파일</Filter>
    </ClInclude>
    <ClInclude Include="..\include\MagickCore\quantum-private.h">
      <Filter>헤더 파일</Filter>
    </ClInclude>
    <ClInclude Include="..\include\MagickCore\quantum.h">
      <Filter>헤더 파일</Filter>
    </ClInclude>
    <ClInclude Include="..\include\MagickCore\random-private.h">
      <Filter>헤더 파일</Filter>
    </ClInclude>
    <ClInclude Include="..\include\MagickCore\random_.h">
      <Filter>헤더 파일</Filter>
    </ClInclude>
    <ClInclude Include="..\include\MagickCore\registry-private.h">
      <Filter>헤더 파일</Filter>
    </ClInclude>
    <ClInclude Include="..\include\MagickCore\registry.h">
      <Filter>헤더 파일</Filter>
    </ClInclude>
    <ClInclude Include="..\include\MagickCore\resample-private.h">
      <Filter>헤더 파일</Filter>
    </ClInclude>
    <ClInclude Include="..\include\MagickCore\resample.h">
      <Filter>헤더 파일</Filter>
    </ClInclude>
    <ClInclude Include="..\include\MagickCore\resize-private.h">
      <Filter>헤더 파일</Filter>
    </ClInclude>
    <ClInclude Include="..\include\MagickCore\resize.h">
      <Filter>헤더 파일</Filter>
    </ClInclude>
    <ClInclude Include="..\include\MagickCore\resource-private.h">
      <Filter>헤더 파일</Filter>
    </ClInclude>
    <ClInclude Include="..\include\MagickCore\resource_.h">
      <Filter>헤더 파일</Filter>
    </ClInclude>
    <ClInclude Include="..\include\MagickCore\segment.h">
      <Filter>헤더 파일</Filter>
    </ClInclude>
    <ClInclude Include="..\include\MagickCore\semaphore-private.h">
      <Filter>헤더 파일</Filter>
    </ClInclude>
    <ClInclude Include="..\include\MagickCore\semaphore.h">
      <Filter>헤더 파일</Filter>
    </ClInclude>
    <ClInclude Include="..\include\MagickCore\shear.h">
      <Filter>헤더 파일</Filter>
    </ClInclude>
    <ClInclude Include="..\include\MagickCore\signature-private.h">
      <Filter>헤더 파일</Filter>
    </ClInclude>
    <ClInclude Include="..\include\MagickCore\signature.h">
      <Filter>헤더 파일</Filter>
    </ClInclude>
    <ClInclude Include="..\include\MagickCore\splay-tree.h">
      <Filter>헤더 파일</Filter>
    </ClInclude>
    <ClInclude Include="..\include\MagickCore\static.h">
      <Filter>헤더 파일</Filter>
    </ClInclude>
    <ClInclude Include="..\include\MagickCore\statistic.h">
      <Filter>헤더 파일</Filter>
    </ClInclude>
    <ClInclude Include="..\include\MagickCore\stream-private.h">
      <Filter>헤더 파일</Filter>
    </ClInclude>
    <ClInclude Include="..\include\MagickCore\stream.h">
      <Filter>헤더 파일</Filter>
    </ClInclude>
    <ClInclude Include="..\include\MagickCore\string-private.h">
      <Filter>헤더 파일</Filter>
    </ClInclude>
    <ClInclude Include="..\include\MagickCore\string_.h">
      <Filter>헤더 파일</Filter>
    </ClInclude>
    <ClInclude Include="..\include\MagickCore\studio.h">
      <Filter>헤더 파일</Filter>
    </ClInclude>
    <ClInclude Include="..\include\MagickCore\thread-private.h">
      <Filter>헤더 파일</Filter>
    </ClInclude>
    <ClInclude Include="..\include\MagickCore\thread_.h">
      <Filter>헤더 파일</Filter>
    </ClInclude>
    <ClInclude Include="..\include\MagickCore\threshold.h">
      <Filter>헤더 파일</Filter>
    </ClInclude>
    <ClInclude Include="..\include\MagickCore\timer-private.h">
      <Filter>헤더 파일</Filter>
    </ClInclude>
    <ClInclude Include="..\include\MagickCore\timer.h">
      <Filter>헤더 파일</Filter>
    </ClInclude>
    <ClInclude Include="..\include\MagickCore\token-private.h">
      <Filter>헤더 파일</Filter>
    </ClInclude>
    <ClInclude Include="..\include\MagickCore\token.h">
      <Filter>헤더 파일</Filter>
    </ClInclude>
    <ClInclude Include="..\include\MagickCore\transform-private.h">
      <Filter>헤더 파일</Filter>
    </ClInclude>
    <ClInclude Include="..\include\MagickCore\transform.h">
      <Filter>헤더 파일</Filter>
    </ClInclude>
    <ClInclude Include="..\include\MagickCore\type-private.h">
      <Filter>헤더 파일</Filter>
    </ClInclude>
    <ClInclude Include="..\include\MagickCore\type.h">
      <Filter>헤더 파일</Filter>
    </ClInclude>
    <ClInclude Include="..\include\MagickCore\utility-private.h">
      <Filter>헤더 파일</Filter>
    </ClInclude>
    <ClInclude Include="..\include\MagickCore\utility.h">
      <Filter>헤더 파일</Filter>
    </ClInclude>
    <ClInclude Include="..\include\MagickCore\version-private.h">
      <Filter>헤더 파일</Filter>
    </ClInclude>
    <ClInclude Include="..\include\MagickCore\version.h">
      <Filter>헤더 파일</Filter>
    </ClInclude>
    <ClInclude Include="..\include\MagickCore\vision.h">
      <Filter>헤더 파일</Filter>
    </ClInclude>
    <ClInclude Include="..\include\MagickCore\visual-effects.h">
      <Filter>헤더 파일</Filter>
    </ClInclude>
    <ClInclude Include="..\include\MagickCore\vms.h">
      <Filter>헤더 파일</Filter>
    </ClInclude>
    <ClInclude Include="..\include\MagickCore\widget-private.h">
      <Filter>헤더 파일</Filter>
    </ClInclude>
    <ClInclude Include="..\include\MagickCore\widget.h">
      <Filter>헤더 파일</Filter>
    </ClInclude>
    <ClInclude Include="..\include\MagickCore\xml-tree-private.h">
      <Filter>헤더 파일</Filter>
    </ClInclude>
    <ClInclude Include="..\include\MagickCore\xml-tree.h">
      <Filter>헤더 파일</Filter>
    </ClInclude>
    <ClInclude Include="..\include\MagickCore\xwindow-private.h">
      <Filter>헤더 파일</Filter>
    </ClInclude>
    <ClInclude Include="..\include\MagickCore\xwindow.h">
      <Filter>헤더 파일</Filter>
    </ClInclude>
    <ClInclude Include="..\include\MagickWand\animate.h">
      <Filter>헤더 파일</Filter>
    </ClInclude>
    <ClInclude Include="..\include\MagickWand\compare.h">
      <Filter>헤더 파일</Filter>
    </ClInclude>
    <ClInclude Include="..\include\MagickWand\composite.h">
      <Filter>헤더 파일</Filter>
    </ClInclude>
    <ClInclude Include="..\include\MagickWand\conjure.h">
      <Filter>헤더 파일</Filter>
    </ClInclude>
    <ClInclude Include="..\include\MagickWand\convert.h">
      <Filter>헤더 파일</Filter>
    </ClInclude>
    <ClInclude Include="..\include\MagickWand\deprecate.h">
      <Filter>헤더 파일</Filter>
    </ClInclude>
    <ClInclude Include="..\include\MagickWand\display.h">
      <Filter>헤더 파일</Filter>
    </ClInclude>
    <ClInclude Include="..\include\MagickWand\drawing-wand.h">
      <Filter>헤더 파일</Filter>
    </ClInclude>
    <ClInclude Include="..\include\MagickWand\identify.h">
      <Filter>헤더 파일</Filter>
    </ClInclude>
    <ClInclude Include="..\include\MagickWand\import.h">
      <Filter>헤더 파일</Filter>
    </ClInclude>
    <ClInclude Include="..\include\MagickWand\magick-cli.h">
      <Filter>헤더 파일</Filter>
    </ClInclude>
    <ClInclude Include="..\include\MagickWand\magick-image.h">
      <Filter>헤더 파일</Filter>
    </ClInclude>
    <ClInclude Include="..\include\MagickWand\magick-property.h">
      <Filter>헤더 파일</Filter>
    </ClInclude>
    <ClInclude Include="..\include\MagickWand\magick-wand-private.h">
      <Filter>헤더 파일</Filter>
    </ClInclude>
    <ClInclude Include="..\include\MagickWand\MagickWand.h">
      <Filter>헤더 파일</Filter>
    </ClInclude>
    <ClInclude Include="..\include\MagickWand\method-attribute.h">
      <Filter>헤더 파일</Filter>
    </ClInclude>
    <ClInclude Include="..\include\MagickWand\mogrify-private.h">
      <Filter>헤더 파일</Filter>
    </ClInclude>
    <ClInclude Include="..\include\MagickWand\mogrify.h">
      <Filter>헤더 파일</Filter>
    </ClInclude>
    <ClInclude Include="..\include\MagickWand\montage.h">
      <Filter>헤더 파일</Filter>
    </ClInclude>
    <ClInclude Include="..\include\MagickWand\operation-private.h">
      <Filter>헤더 파일</Filter>
    </ClInclude>
    <ClInclude Include="..\include\MagickWand\operation.h">
      <Filter>헤더 파일</Filter>
    </ClInclude>
    <ClInclude Include="..\include\MagickWand\pixel-iterator.h">
      <Filter>헤더 파일</Filter>
    </ClInclude>
    <ClInclude Include="..\include\MagickWand\pixel-wand-private.h">
      <Filter>헤더 파일</Filter>
    </ClInclude>
    <ClInclude Include="..\include\MagickWand\pixel-wand.h">
      <Filter>헤더 파일</Filter>
    </ClInclude>
    <ClInclude Include="..\include\MagickWand\script-token.h">
      <Filter>헤더 파일</Filter>
    </ClInclude>
    <ClInclude Include="..\include\MagickWand\stream.h">
      <Filter>헤더 파일</Filter>
    </ClInclude>
    <ClInclude Include="..\include\MagickWand\studio.h">
      <Filter>헤더 파일</Filter>
    </ClInclude>
    <ClInclude Include="..\include\MagickWand\wand-view.h">
      <Filter>헤더 파일</Filter>
    </ClInclude>
    <ClInclude Include="..\include\MagickWand\wand.h">
      <Filter>헤더 파일</Filter>
    </ClInclude>
    <ClInclude Include="..\include\MagickWand\wandcli-private.h">
      <Filter>헤더 파일</Filter>
    </ClInclude>
    <ClInclude Include="..\include\MagickWand\wandcli.h">
      <Filter>헤더 파일</Filter>
    </ClInclude>
  </ItemGroup>
</Project>