
Microsoft Visual Studio Solution File, Format Version 12.00
# Visual Studio 2013

Project("{8BC9CEB8-8B4A-11D0-8D11-00A0C91BC942}") = "AddImageTestVC2013", "AddImageTest\CPP\AddImageTestVC2013.vcxproj", "{5ECEA8C3-0CB2-44AC-9E6F-1785FC4BB76B}"
EndProject
Project("{8BC9CEB8-8B4A-11D0-8D11-00A0C91BC942}") = "AnnotationTestVC2013", "AnnotationTest\CPP\AnnotationTestVC2013.vcxproj", "{15B1D172-37FB-4903-B353-6A180E1F2729}"
EndProject
Project("{8BC9CEB8-8B4A-11D0-8D11-00A0C91BC942}") = "BookmarkTestVC2013", "BookmarkTest\CPP\BookmarkTestVC2013.vcxproj", "{66B8F43F-388C-4F8F-8F52-D5D08E7B3DEC}"
EndProject
Project("{8BC9CEB8-8B4A-11D0-8D11-00A0C91BC942}") = "ContentReplacerTestVC2013", "ContentReplacerTest\CPP\ContentReplacerTestVC2013.vcxproj", "{191638D5-4FC6-49BA-99F3-23585D78D687}"
EndProject
Project("{8BC9CEB8-8B4A-11D0-8D11-00A0C91BC942}") = "ConvertTestVC2013", "ConvertTest\CPP\ConvertTestVC2013.vcxproj", "{FA64E108-9403-448C-948C-DD3D9BDEE324}"
EndProject
Project("{8BC9CEB8-8B4A-11D0-8D11-00A0C91BC942}") = "CAD2PDFTestVC2013", "CAD2PDFTest\CPP\CAD2PDFTestVC2013.vcxproj", "{8b0ce75a-74dc-420a-86b1-82142f9ba337}"
EndProject
Project("{8BC9CEB8-8B4A-11D0-8D11-00A0C91BC942}") = "DigitalSignaturesTestVC2013", "DigitalSignaturesTest\CPP\DigitalSignaturesTestVC2013.vcxproj", "{B1A0003D-4982-4AD6-B3EB-68BB2F51EA4A}"
EndProject
Project("{8BC9CEB8-8B4A-11D0-8D11-00A0C91BC942}") = "ElementBuilderTestVC2013", "ElementBuilderTest\CPP\ElementBuilderTestVC2013.vcxproj", "{599B67C7-5B75-49EB-8CDE-EE12CF147E82}"
EndProject
Project("{8BC9CEB8-8B4A-11D0-8D11-00A0C91BC942}") = "ElementEditTestVC2013", "ElementEditTest\CPP\ElementEditTestVC2013.vcxproj", "{416CBB43-842D-43A9-A022-13FCF6BDFB50}"
EndProject
Project("{8BC9CEB8-8B4A-11D0-8D11-00A0C91BC942}") = "ElementReaderAdvTestVC2013", "ElementReaderAdvTest\CPP\ElementReaderAdvTestVC2013.vcxproj", "{983167D6-A552-4A14-A97D-9765D4607650}"
EndProject
Project("{8BC9CEB8-8B4A-11D0-8D11-00A0C91BC942}") = "ElementReaderTestVC2013", "ElementReaderTest\CPP\ElementReaderTestVC2013.vcxproj", "{8BB09508-5C51-4332-865C-CF9FA9648F90}"
EndProject
Project("{8BC9CEB8-8B4A-11D0-8D11-00A0C91BC942}") = "EncTestVC2013", "EncTest\CPP\EncTestVC2013.vcxproj", "{A5716289-E5B5-4596-B322-881C55EC4CEA}"
EndProject
Project("{8BC9CEB8-8B4A-11D0-8D11-00A0C91BC942}") = "FDFTestVC2013", "FDFTest\CPP\FDFTestVC2013.vcxproj", "{A15B458D-09BB-4046-ADBD-4F5309153CBC}"
EndProject
Project("{8BC9CEB8-8B4A-11D0-8D11-00A0C91BC942}") = "OCRTestVC2013", "OCRTest\CPP\OCRTestVC2013.vcxproj", "{A0503313-D8F3-45A4-8DB1-BD183A0157E7}"
EndProject
Project("{8BC9CEB8-8B4A-11D0-8D11-00A0C91BC942}") = "HTML2PDFTestVC2013", "HTML2PDFTest\CPP\HTML2PDFTestVC2013.vcxproj", "{DE35D786-268C-4EDF-9692-6B4B1CB80D5D}"
EndProject
Project("{8BC9CEB8-8B4A-11D0-8D11-00A0C91BC942}") = "ImageExtractTestVC2013", "ImageExtractTest\CPP\ImageExtractTestVC2013.vcxproj", "{31A40B36-E97F-4CE7-ADD5-67FE65FEEF39}"
EndProject
Project("{8BC9CEB8-8B4A-11D0-8D11-00A0C91BC942}") = "ImpositionTestVC2013", "ImpositionTest\CPP\ImpositionTestVC2013.vcxproj", "{B74145C6-A35B-4D33-B814-0B94085F43AB}"
EndProject
Project("{8BC9CEB8-8B4A-11D0-8D11-00A0C91BC942}") = "InteractiveFormsTestVC2013", "InteractiveFormsTest\CPP\InteractiveFormsTestVC2013.vcxproj", "{9722A84E-9349-473A-B02D-46FCB0AE639A}"
EndProject
Project("{8BC9CEB8-8B4A-11D0-8D11-00A0C91BC942}") = "JBIG2TestVC2013", "JBIG2Test\CPP\JBIG2TestVC2013.vcxproj", "{217E4030-A0AC-4AB6-A98D-735723D4003D}"
EndProject
Project("{8BC9CEB8-8B4A-11D0-8D11-00A0C91BC942}") = "LogicalStructureTestVC2013", "LogicalStructureTest\CPP\LogicalStructureTestVC2013.vcxproj", "{D23FBBE0-AB5A-4CE3-B57F-52024265774D}"
EndProject
Project("{8BC9CEB8-8B4A-11D0-8D11-00A0C91BC942}") = "OptimizerTestVC2013", "OptimizerTest\CPP\OptimizerTestVC2013.vcxproj", "{D773F8BF-50AF-4DB8-AD72-21D8A922ED6A}"
EndProject
Project("{8BC9CEB8-8B4A-11D0-8D11-00A0C91BC942}") = "PageLabelsTestVC2013", "PageLabelsTest\CPP\PageLabelsTestVC2013.vcxproj", "{C481E7F4-EE02-4351-AF4F-D5780195094F}"
EndProject
Project("{8BC9CEB8-8B4A-11D0-8D11-00A0C91BC942}") = "PatternTestVC2013", "PatternTest\CPP\PatternTestVC2013.vcxproj", "{F8C072C8-1674-4923-9A20-E37E08E066EA}"
EndProject
Project("{8BC9CEB8-8B4A-11D0-8D11-00A0C91BC942}") = "PDFATestVC2013", "PDFATest\CPP\PDFATestVC2013.vcxproj", "{25155661-96FC-40BF-8F48-86078CE77ECF}"
EndProject
Project("{8BC9CEB8-8B4A-11D0-8D11-00A0C91BC942}") = "PDFDCTestVC2013", "PDFDCTest\CPP\PDFDCTestVC2013.vcxproj", "{214A804D-4513-4A2C-98F0-F735DA0E36A6}"
EndProject
Project("{8BC9CEB8-8B4A-11D0-8D11-00A0C91BC942}") = "PDFDocMemoryTestVC2013", "PDFDocMemoryTest\CPP\PDFDocMemoryTestVC2013.vcxproj", "{4EE908F5-EB9E-4F79-9660-ABED9A7407E4}"
EndProject
Project("{8BC9CEB8-8B4A-11D0-8D11-00A0C91BC942}") = "PDFDrawTestVC2013", "PDFDrawTest\CPP\PDFDrawTestVC2013.vcxproj", "{A0503313-D8F3-45A4-8DB1-AD183A0157E7}"
EndProject
Project("{8BC9CEB8-8B4A-11D0-8D11-00A0C91BC942}") = "PDFLayersTestVC2013", "PDFLayersTest\CPP\PDFLayersTestVC2013.vcxproj", "{243992F2-80D0-4A2A-B6A1-2F468292ADC3}"
EndProject
Project("{8BC9CEB8-8B4A-11D0-8D11-00A0C91BC942}") = "PDFPackageTestVC2013", "PDFPackageTest\CPP\PDFPackageTestVC2013.vcxproj", "{994D8C26-E4DE-46EC-94DA-BCE3DDB3E2AA}"
EndProject
Project("{8BC9CEB8-8B4A-11D0-8D11-00A0C91BC942}") = "PDFPageTestVC2013", "PDFPageTest\CPP\PDFPageTestVC2013.vcxproj", "{E01F12B7-0C29-4174-9C03-AC9B230612F0}"
EndProject
Project("{8BC9CEB8-8B4A-11D0-8D11-00A0C91BC942}") = "PDFPrintTestVC2013", "PDFPrintTest\CPP\PDFPrintTestVC2013.vcxproj", "{51B68093-38AF-4F13-B3AF-5DA2648686E0}"
EndProject
Project("{8BC9CEB8-8B4A-11D0-8D11-00A0C91BC942}") = "PDFRedactTestVC2013", "PDFRedactTest\CPP\PDFRedactTestVC2013.vcxproj", "{31EAF1E2-68FD-4614-887A-D482E0F701F0}"
EndProject
Project("{8BC9CEB8-8B4A-11D0-8D11-00A0C91BC942}") = "PDFViewSimpleTestVC2013", "PDFViewSimpleTest\CPP\PDFViewSimpleTestVC2013.vcxproj", "{BAE2C90F-54FF-44DA-A186-F2BB1FAFB930}"
EndProject
Project("{8BC9CEB8-8B4A-11D0-8D11-00A0C91BC942}") = "PDFViewTestVC2013", "PDFViewTest\CPP\PDFViewTestVC2013.vcxproj", "{60AE717B-FFBA-4013-9F6B-B3645B302808}"
EndProject
Project("{8BC9CEB8-8B4A-11D0-8D11-00A0C91BC942}") = "PDFViewWXTestVC2013", "PDFViewWXTest\CPP\PDFViewWXTestVC2013.vcxproj", "{09C96D62-C99C-4003-A8DD-0E8DAC92DF19}"
EndProject
Project("{8BC9CEB8-8B4A-11D0-8D11-00A0C91BC942}") = "RectTestVC2013", "RectTest\CPP\RectTestVC2013.vcxproj", "{F7F061AF-D14E-4888-9C99-1C0548BB0F26}"
EndProject
Project("{8BC9CEB8-8B4A-11D0-8D11-00A0C91BC942}") = "SDFTestVC2013", "SDFTest\CPP\SDFTestVC2013.vcxproj", "{945CE516-B991-42D7-BA9C-CB02E3D2EF57}"
EndProject
Project("{8BC9CEB8-8B4A-11D0-8D11-00A0C91BC942}") = "StamperTestVC2013", "StamperTest\CPP\StamperTestVC2013.vcxproj", "{60C8FC76-393E-438B-9145-1664E33951CE}"
EndProject
Project("{8BC9CEB8-8B4A-11D0-8D11-00A0C91BC942}") = "TextExtractTestVC2013", "TextExtractTest\CPP\TextExtractTestVC2013.vcxproj", "{89DA33DD-ACA2-4EAB-8004-0FC3EB96F857}"
EndProject
Project("{8BC9CEB8-8B4A-11D0-8D11-00A0C91BC942}") = "TextSearchTestVC2013", "TextSearchTest\CPP\TextSearchTestVC2013.vcxproj", "{414B50D1-761F-4FFB-860E-48C1D52AE246}"
EndProject
Project("{8BC9CEB8-8B4A-11D0-8D11-00A0C91BC942}") = "U3DTestVC2013", "U3DTest\CPP\U3DTestVC2013.vcxproj", "{E716F02F-2BAA-4051-AE62-242DC8A59D02}"
EndProject
Project("{8BC9CEB8-8B4A-11D0-8D11-00A0C91BC942}") = "UnicodeWriteTestVC2013", "UnicodeWriteTest\CPP\UnicodeWriteTestVC2013.vcxproj", "{2D123B1D-6688-4135-B357-6DA9C22D1B8C}"
EndProject
Project("{8BC9CEB8-8B4A-11D0-8D11-00A0C91BC942}") = "OfficeToPDFTestVC2013", "OfficeToPDFTest\CPP\OfficeToPDFTestVC2013.vcxproj", "{360DB4A3-A197-4E42-B918-8397EABB31EC}"
EndProject
Project("{8BC9CEB8-8B4A-11D0-8D11-00A0C91BC942}") = "WebViewerConvertTestVC2013", "WebViewerConvertTest\CPP\WebViewerConvertTestVC2013.vcxproj", "{72FADA11-07FD-47FD-9FBA-70CC7C147A68}"
EndProject
Project("{8BC9CEB8-8B4A-11D0-8D11-00A0C91BC942}") = "UndoRedoTestVC2013", "UndoRedoTest\CPP\UndoRedoTestVC2013.vcxproj", "{E6C25D81-4B5C-4F13-8461-992831443B74}"
EndProject
Global
	GlobalSection(SolutionConfigurationPlatforms) = preSolution
		Debug|x64 = Debug|x64
		Release|x64 = Release|x64
	EndGlobalSection
	GlobalSection(ProjectConfigurationPlatforms) = postSolution
		{5ECEA8C3-0CB2-44AC-9E6F-1785FC4BB76B}.Debug|Win32.ActiveCfg = Debug|Win32
		{5ECEA8C3-0CB2-44AC-9E6F-1785FC4BB76B}.Debug|Win32.Build.0 = Debug|Win32
		{5ECEA8C3-0CB2-44AC-9E6F-1785FC4BB76B}.Debug|x64.ActiveCfg = Debug|x64
		{5ECEA8C3-0CB2-44AC-9E6F-1785FC4BB76B}.Debug|x64.Build.0 = Debug|x64
		{5ECEA8C3-0CB2-44AC-9E6F-1785FC4BB76B}.Release|Win32.ActiveCfg = Release|Win32
		{5ECEA8C3-0CB2-44AC-9E6F-1785FC4BB76B}.Release|Win32.Build.0 = Release|Win32
		{5ECEA8C3-0CB2-44AC-9E6F-1785FC4BB76B}.Release|x64.ActiveCfg = Release|x64
		{5ECEA8C3-0CB2-44AC-9E6F-1785FC4BB76B}.Release|x64.Build.0 = Release|x64
		{15B1D172-37FB-4903-B353-6A180E1F2729}.Debug|Win32.ActiveCfg = Debug|Win32
		{15B1D172-37FB-4903-B353-6A180E1F2729}.Debug|Win32.Build.0 = Debug|Win32
		{15B1D172-37FB-4903-B353-6A180E1F2729}.Debug|x64.ActiveCfg = Debug|x64
		{15B1D172-37FB-4903-B353-6A180E1F2729}.Debug|x64.Build.0 = Debug|x64
		{15B1D172-37FB-4903-B353-6A180E1F2729}.Release|Win32.ActiveCfg = Release|Win32
		{15B1D172-37FB-4903-B353-6A180E1F2729}.Release|Win32.Build.0 = Release|Win32
		{15B1D172-37FB-4903-B353-6A180E1F2729}.Release|x64.ActiveCfg = Release|x64
		{15B1D172-37FB-4903-B353-6A180E1F2729}.Release|x64.Build.0 = Release|x64
		{66B8F43F-388C-4F8F-8F52-D5D08E7B3DEC}.Debug|Win32.ActiveCfg = Debug|Win32
		{66B8F43F-388C-4F8F-8F52-D5D08E7B3DEC}.Debug|Win32.Build.0 = Debug|Win32
		{66B8F43F-388C-4F8F-8F52-D5D08E7B3DEC}.Debug|x64.ActiveCfg = Debug|x64
		{66B8F43F-388C-4F8F-8F52-D5D08E7B3DEC}.Debug|x64.Build.0 = Debug|x64
		{66B8F43F-388C-4F8F-8F52-D5D08E7B3DEC}.Release|Win32.ActiveCfg = Release|Win32
		{66B8F43F-388C-4F8F-8F52-D5D08E7B3DEC}.Release|Win32.Build.0 = Release|Win32
		{66B8F43F-388C-4F8F-8F52-D5D08E7B3DEC}.Release|x64.ActiveCfg = Release|x64
		{66B8F43F-388C-4F8F-8F52-D5D08E7B3DEC}.Release|x64.Build.0 = Release|x64
		{191638D5-4FC6-49BA-99F3-23585D78D687}.Debug|Win32.ActiveCfg = Debug|Win32
		{191638D5-4FC6-49BA-99F3-23585D78D687}.Debug|Win32.Build.0 = Debug|Win32
		{191638D5-4FC6-49BA-99F3-23585D78D687}.Debug|x64.ActiveCfg = Debug|x64
		{191638D5-4FC6-49BA-99F3-23585D78D687}.Debug|x64.Build.0 = Debug|x64
		{191638D5-4FC6-49BA-99F3-23585D78D687}.Release|Win32.ActiveCfg = Release|Win32
		{191638D5-4FC6-49BA-99F3-23585D78D687}.Release|Win32.Build.0 = Release|Win32
		{191638D5-4FC6-49BA-99F3-23585D78D687}.Release|x64.ActiveCfg = Release|x64
		{191638D5-4FC6-49BA-99F3-23585D78D687}.Release|x64.Build.0 = Release|x64
		{FA64E108-9403-448C-948C-DD3D9BDEE324}.Debug|Win32.ActiveCfg = Debug|Win32
		{FA64E108-9403-448C-948C-DD3D9BDEE324}.Debug|Win32.Build.0 = Debug|Win32
		{FA64E108-9403-448C-948C-DD3D9BDEE324}.Debug|x64.ActiveCfg = Debug|x64
		{FA64E108-9403-448C-948C-DD3D9BDEE324}.Debug|x64.Build.0 = Debug|x64
		{FA64E108-9403-448C-948C-DD3D9BDEE324}.Release|Win32.ActiveCfg = Release|Win32
		{FA64E108-9403-448C-948C-DD3D9BDEE324}.Release|Win32.Build.0 = Release|Win32
		{FA64E108-9403-448C-948C-DD3D9BDEE324}.Release|x64.ActiveCfg = Release|x64
		{FA64E108-9403-448C-948C-DD3D9BDEE324}.Release|x64.Build.0 = Release|x64
		{8b0ce75a-74dc-420a-86b1-82142f9ba337}.Debug|Win32.ActiveCfg = Debug|Win32
		{8b0ce75a-74dc-420a-86b1-82142f9ba337}.Debug|Win32.Build.0 = Debug|Win32
		{8b0ce75a-74dc-420a-86b1-82142f9ba337}.Debug|x64.ActiveCfg = Debug|x64
		{8b0ce75a-74dc-420a-86b1-82142f9ba337}.Debug|x64.Build.0 = Debug|x64
		{8b0ce75a-74dc-420a-86b1-82142f9ba337}.Release|Win32.ActiveCfg = Release|Win32
		{8b0ce75a-74dc-420a-86b1-82142f9ba337}.Release|Win32.Build.0 = Release|Win32
		{8b0ce75a-74dc-420a-86b1-82142f9ba337}.Release|x64.ActiveCfg = Release|x64
		{8b0ce75a-74dc-420a-86b1-82142f9ba337}.Release|x64.Build.0 = Release|x64
		{B1A0003D-4982-4AD6-B3EB-68BB2F51EA4A}.Debug|Win32.ActiveCfg = Debug|Win32
		{B1A0003D-4982-4AD6-B3EB-68BB2F51EA4A}.Debug|Win32.Build.0 = Debug|Win32
		{B1A0003D-4982-4AD6-B3EB-68BB2F51EA4A}.Debug|x64.ActiveCfg = Debug|x64
		{B1A0003D-4982-4AD6-B3EB-68BB2F51EA4A}.Debug|x64.Build.0 = Debug|x64
		{B1A0003D-4982-4AD6-B3EB-68BB2F51EA4A}.Release|Win32.ActiveCfg = Release|Win32
		{B1A0003D-4982-4AD6-B3EB-68BB2F51EA4A}.Release|Win32.Build.0 = Release|Win32
		{B1A0003D-4982-4AD6-B3EB-68BB2F51EA4A}.Release|x64.ActiveCfg = Release|x64
		{B1A0003D-4982-4AD6-B3EB-68BB2F51EA4A}.Release|x64.Build.0 = Release|x64
		{599B67C7-5B75-49EB-8CDE-EE12CF147E82}.Debug|Win32.ActiveCfg = Debug|Win32
		{599B67C7-5B75-49EB-8CDE-EE12CF147E82}.Debug|Win32.Build.0 = Debug|Win32
		{599B67C7-5B75-49EB-8CDE-EE12CF147E82}.Debug|x64.ActiveCfg = Debug|x64
		{599B67C7-5B75-49EB-8CDE-EE12CF147E82}.Debug|x64.Build.0 = Debug|x64
		{599B67C7-5B75-49EB-8CDE-EE12CF147E82}.Release|Win32.ActiveCfg = Release|Win32
		{599B67C7-5B75-49EB-8CDE-EE12CF147E82}.Release|Win32.Build.0 = Release|Win32
		{599B67C7-5B75-49EB-8CDE-EE12CF147E82}.Release|x64.ActiveCfg = Release|x64
		{599B67C7-5B75-49EB-8CDE-EE12CF147E82}.Release|x64.Build.0 = Release|x64
		{416CBB43-842D-43A9-A022-13FCF6BDFB50}.Debug|Win32.ActiveCfg = Debug|Win32
		{416CBB43-842D-43A9-A022-13FCF6BDFB50}.Debug|Win32.Build.0 = Debug|Win32
		{416CBB43-842D-43A9-A022-13FCF6BDFB50}.Debug|x64.ActiveCfg = Debug|x64
		{416CBB43-842D-43A9-A022-13FCF6BDFB50}.Debug|x64.Build.0 = Debug|x64
		{416CBB43-842D-43A9-A022-13FCF6BDFB50}.Release|Win32.ActiveCfg = Release|Win32
		{416CBB43-842D-43A9-A022-13FCF6BDFB50}.Release|Win32.Build.0 = Release|Win32
		{416CBB43-842D-43A9-A022-13FCF6BDFB50}.Release|x64.ActiveCfg = Release|x64
		{416CBB43-842D-43A9-A022-13FCF6BDFB50}.Release|x64.Build.0 = Release|x64
		{983167D6-A552-4A14-A97D-9765D4607650}.Debug|Win32.ActiveCfg = Debug|Win32
		{983167D6-A552-4A14-A97D-9765D4607650}.Debug|Win32.Build.0 = Debug|Win32
		{983167D6-A552-4A14-A97D-9765D4607650}.Debug|x64.ActiveCfg = Debug|x64
		{983167D6-A552-4A14-A97D-9765D4607650}.Debug|x64.Build.0 = Debug|x64
		{983167D6-A552-4A14-A97D-9765D4607650}.Release|Win32.ActiveCfg = Release|Win32
		{983167D6-A552-4A14-A97D-9765D4607650}.Release|Win32.Build.0 = Release|Win32
		{983167D6-A552-4A14-A97D-9765D4607650}.Release|x64.ActiveCfg = Release|x64
		{983167D6-A552-4A14-A97D-9765D4607650}.Release|x64.Build.0 = Release|x64
		{8BB09508-5C51-4332-865C-CF9FA9648F90}.Debug|Win32.ActiveCfg = Debug|Win32
		{8BB09508-5C51-4332-865C-CF9FA9648F90}.Debug|Win32.Build.0 = Debug|Win32
		{8BB09508-5C51-4332-865C-CF9FA9648F90}.Debug|x64.ActiveCfg = Debug|x64
		{8BB09508-5C51-4332-865C-CF9FA9648F90}.Debug|x64.Build.0 = Debug|x64
		{8BB09508-5C51-4332-865C-CF9FA9648F90}.Release|Win32.ActiveCfg = Release|Win32
		{8BB09508-5C51-4332-865C-CF9FA9648F90}.Release|Win32.Build.0 = Release|Win32
		{8BB09508-5C51-4332-865C-CF9FA9648F90}.Release|x64.ActiveCfg = Release|x64
		{8BB09508-5C51-4332-865C-CF9FA9648F90}.Release|x64.Build.0 = Release|x64
		{A5716289-E5B5-4596-B322-881C55EC4CEA}.Debug|Win32.ActiveCfg = Debug|Win32
		{A5716289-E5B5-4596-B322-881C55EC4CEA}.Debug|Win32.Build.0 = Debug|Win32
		{A5716289-E5B5-4596-B322-881C55EC4CEA}.Debug|x64.ActiveCfg = Debug|x64
		{A5716289-E5B5-4596-B322-881C55EC4CEA}.Debug|x64.Build.0 = Debug|x64
		{A5716289-E5B5-4596-B322-881C55EC4CEA}.Release|Win32.ActiveCfg = Release|Win32
		{A5716289-E5B5-4596-B322-881C55EC4CEA}.Release|Win32.Build.0 = Release|Win32
		{A5716289-E5B5-4596-B322-881C55EC4CEA}.Release|x64.ActiveCfg = Release|x64
		{A5716289-E5B5-4596-B322-881C55EC4CEA}.Release|x64.Build.0 = Release|x64
		{A15B458D-09BB-4046-ADBD-4F5309153CBC}.Debug|Win32.ActiveCfg = Debug|Win32
		{A15B458D-09BB-4046-ADBD-4F5309153CBC}.Debug|Win32.Build.0 = Debug|Win32
		{A15B458D-09BB-4046-ADBD-4F5309153CBC}.Debug|x64.ActiveCfg = Debug|x64
		{A15B458D-09BB-4046-ADBD-4F5309153CBC}.Debug|x64.Build.0 = Debug|x64
		{A15B458D-09BB-4046-ADBD-4F5309153CBC}.Release|Win32.ActiveCfg = Release|Win32
		{A15B458D-09BB-4046-ADBD-4F5309153CBC}.Release|Win32.Build.0 = Release|Win32
		{A15B458D-09BB-4046-ADBD-4F5309153CBC}.Release|x64.ActiveCfg = Release|x64
		{A15B458D-09BB-4046-ADBD-4F5309153CBC}.Release|x64.Build.0 = Release|x64
		{DE35D786-268C-4EDF-9692-6B4B1CB80D5D}.Debug|Win32.ActiveCfg = Debug|Win32
		{DE35D786-268C-4EDF-9692-6B4B1CB80D5D}.Debug|Win32.Build.0 = Debug|Win32
		{DE35D786-268C-4EDF-9692-6B4B1CB80D5D}.Debug|x64.ActiveCfg = Debug|x64
		{DE35D786-268C-4EDF-9692-6B4B1CB80D5D}.Debug|x64.Build.0 = Debug|x64
		{DE35D786-268C-4EDF-9692-6B4B1CB80D5D}.Release|Win32.ActiveCfg = Release|Win32
		{DE35D786-268C-4EDF-9692-6B4B1CB80D5D}.Release|Win32.Build.0 = Release|Win32
		{DE35D786-268C-4EDF-9692-6B4B1CB80D5D}.Release|x64.ActiveCfg = Release|x64
		{DE35D786-268C-4EDF-9692-6B4B1CB80D5D}.Release|x64.Build.0 = Release|x64
		{31A40B36-E97F-4CE7-ADD5-67FE65FEEF39}.Debug|Win32.ActiveCfg = Debug|Win32
		{31A40B36-E97F-4CE7-ADD5-67FE65FEEF39}.Debug|Win32.Build.0 = Debug|Win32
		{31A40B36-E97F-4CE7-ADD5-67FE65FEEF39}.Debug|x64.ActiveCfg = Debug|x64
		{31A40B36-E97F-4CE7-ADD5-67FE65FEEF39}.Debug|x64.Build.0 = Debug|x64
		{31A40B36-E97F-4CE7-ADD5-67FE65FEEF39}.Release|Win32.ActiveCfg = Release|Win32
		{31A40B36-E97F-4CE7-ADD5-67FE65FEEF39}.Release|Win32.Build.0 = Release|Win32
		{31A40B36-E97F-4CE7-ADD5-67FE65FEEF39}.Release|x64.ActiveCfg = Release|x64
		{31A40B36-E97F-4CE7-ADD5-67FE65FEEF39}.Release|x64.Build.0 = Release|x64
		{B74145C6-A35B-4D33-B814-0B94085F43AB}.Debug|Win32.ActiveCfg = Debug|Win32
		{B74145C6-A35B-4D33-B814-0B94085F43AB}.Debug|Win32.Build.0 = Debug|Win32
		{B74145C6-A35B-4D33-B814-0B94085F43AB}.Debug|x64.ActiveCfg = Debug|x64
		{B74145C6-A35B-4D33-B814-0B94085F43AB}.Debug|x64.Build.0 = Debug|x64
		{B74145C6-A35B-4D33-B814-0B94085F43AB}.Release|Win32.ActiveCfg = Release|Win32
		{B74145C6-A35B-4D33-B814-0B94085F43AB}.Release|Win32.Build.0 = Release|Win32
		{B74145C6-A35B-4D33-B814-0B94085F43AB}.Release|x64.ActiveCfg = Release|x64
		{B74145C6-A35B-4D33-B814-0B94085F43AB}.Release|x64.Build.0 = Release|x64
		{9722A84E-9349-473A-B02D-46FCB0AE639A}.Debug|Win32.ActiveCfg = Debug|Win32
		{9722A84E-9349-473A-B02D-46FCB0AE639A}.Debug|Win32.Build.0 = Debug|Win32
		{9722A84E-9349-473A-B02D-46FCB0AE639A}.Debug|x64.ActiveCfg = Debug|x64
		{9722A84E-9349-473A-B02D-46FCB0AE639A}.Debug|x64.Build.0 = Debug|x64
		{9722A84E-9349-473A-B02D-46FCB0AE639A}.Release|Win32.ActiveCfg = Release|Win32
		{9722A84E-9349-473A-B02D-46FCB0AE639A}.Release|Win32.Build.0 = Release|Win32
		{9722A84E-9349-473A-B02D-46FCB0AE639A}.Release|x64.ActiveCfg = Release|x64
		{9722A84E-9349-473A-B02D-46FCB0AE639A}.Release|x64.Build.0 = Release|x64
		{217E4030-A0AC-4AB6-A98D-735723D4003D}.Debug|Win32.ActiveCfg = Debug|Win32
		{217E4030-A0AC-4AB6-A98D-735723D4003D}.Debug|Win32.Build.0 = Debug|Win32
		{217E4030-A0AC-4AB6-A98D-735723D4003D}.Debug|x64.ActiveCfg = Debug|x64
		{217E4030-A0AC-4AB6-A98D-735723D4003D}.Debug|x64.Build.0 = Debug|x64
		{217E4030-A0AC-4AB6-A98D-735723D4003D}.Release|Win32.ActiveCfg = Release|Win32
		{217E4030-A0AC-4AB6-A98D-735723D4003D}.Release|Win32.Build.0 = Release|Win32
		{217E4030-A0AC-4AB6-A98D-735723D4003D}.Release|x64.ActiveCfg = Release|x64
		{217E4030-A0AC-4AB6-A98D-735723D4003D}.Release|x64.Build.0 = Release|x64
		{D23FBBE0-AB5A-4CE3-B57F-52024265774D}.Debug|Win32.ActiveCfg = Debug|Win32
		{D23FBBE0-AB5A-4CE3-B57F-52024265774D}.Debug|Win32.Build.0 = Debug|Win32
		{D23FBBE0-AB5A-4CE3-B57F-52024265774D}.Debug|x64.ActiveCfg = Debug|x64
		{D23FBBE0-AB5A-4CE3-B57F-52024265774D}.Debug|x64.Build.0 = Debug|x64
		{D23FBBE0-AB5A-4CE3-B57F-52024265774D}.Release|Win32.ActiveCfg = Release|Win32
		{D23FBBE0-AB5A-4CE3-B57F-52024265774D}.Release|Win32.Build.0 = Release|Win32
		{D23FBBE0-AB5A-4CE3-B57F-52024265774D}.Release|x64.ActiveCfg = Release|x64
		{D23FBBE0-AB5A-4CE3-B57F-52024265774D}.Release|x64.Build.0 = Release|x64
		{D773F8BF-50AF-4DB8-AD72-21D8A922ED6A}.Debug|Win32.ActiveCfg = Debug|Win32
		{D773F8BF-50AF-4DB8-AD72-21D8A922ED6A}.Debug|Win32.Build.0 = Debug|Win32
		{D773F8BF-50AF-4DB8-AD72-21D8A922ED6A}.Debug|x64.ActiveCfg = Debug|x64
		{D773F8BF-50AF-4DB8-AD72-21D8A922ED6A}.Debug|x64.Build.0 = Debug|x64
		{D773F8BF-50AF-4DB8-AD72-21D8A922ED6A}.Release|Win32.ActiveCfg = Release|Win32
		{D773F8BF-50AF-4DB8-AD72-21D8A922ED6A}.Release|Win32.Build.0 = Release|Win32
		{D773F8BF-50AF-4DB8-AD72-21D8A922ED6A}.Release|x64.ActiveCfg = Release|x64
		{D773F8BF-50AF-4DB8-AD72-21D8A922ED6A}.Release|x64.Build.0 = Release|x64
		{C481E7F4-EE02-4351-AF4F-D5780195094F}.Debug|Win32.ActiveCfg = Debug|Win32
		{C481E7F4-EE02-4351-AF4F-D5780195094F}.Debug|Win32.Build.0 = Debug|Win32
		{C481E7F4-EE02-4351-AF4F-D5780195094F}.Debug|x64.ActiveCfg = Debug|x64
		{C481E7F4-EE02-4351-AF4F-D5780195094F}.Debug|x64.Build.0 = Debug|x64
		{C481E7F4-EE02-4351-AF4F-D5780195094F}.Release|Win32.ActiveCfg = Release|Win32
		{C481E7F4-EE02-4351-AF4F-D5780195094F}.Release|Win32.Build.0 = Release|Win32
		{C481E7F4-EE02-4351-AF4F-D5780195094F}.Release|x64.ActiveCfg = Release|x64
		{C481E7F4-EE02-4351-AF4F-D5780195094F}.Release|x64.Build.0 = Release|x64
		{F8C072C8-1674-4923-9A20-E37E08E066EA}.Debug|Win32.ActiveCfg = Debug|Win32
		{F8C072C8-1674-4923-9A20-E37E08E066EA}.Debug|Win32.Build.0 = Debug|Win32
		{F8C072C8-1674-4923-9A20-E37E08E066EA}.Debug|x64.ActiveCfg = Debug|x64
		{F8C072C8-1674-4923-9A20-E37E08E066EA}.Debug|x64.Build.0 = Debug|x64
		{F8C072C8-1674-4923-9A20-E37E08E066EA}.Release|Win32.ActiveCfg = Release|Win32
		{F8C072C8-1674-4923-9A20-E37E08E066EA}.Release|Win32.Build.0 = Release|Win32
		{F8C072C8-1674-4923-9A20-E37E08E066EA}.Release|x64.ActiveCfg = Release|x64
		{F8C072C8-1674-4923-9A20-E37E08E066EA}.Release|x64.Build.0 = Release|x64
		{25155661-96FC-40BF-8F48-86078CE77ECF}.Debug|Win32.ActiveCfg = Debug|Win32
		{25155661-96FC-40BF-8F48-86078CE77ECF}.Debug|Win32.Build.0 = Debug|Win32
		{25155661-96FC-40BF-8F48-86078CE77ECF}.Debug|x64.ActiveCfg = Debug|x64
		{25155661-96FC-40BF-8F48-86078CE77ECF}.Debug|x64.Build.0 = Debug|x64
		{25155661-96FC-40BF-8F48-86078CE77ECF}.Release|Win32.ActiveCfg = Release|Win32
		{25155661-96FC-40BF-8F48-86078CE77ECF}.Release|Win32.Build.0 = Release|Win32
		{25155661-96FC-40BF-8F48-86078CE77ECF}.Release|x64.ActiveCfg = Release|x64
		{25155661-96FC-40BF-8F48-86078CE77ECF}.Release|x64.Build.0 = Release|x64
		{214A804D-4513-4A2C-98F0-F735DA0E36A6}.Debug|Win32.ActiveCfg = Debug|Win32
		{214A804D-4513-4A2C-98F0-F735DA0E36A6}.Debug|Win32.Build.0 = Debug|Win32
		{214A804D-4513-4A2C-98F0-F735DA0E36A6}.Debug|x64.ActiveCfg = Debug|x64
		{214A804D-4513-4A2C-98F0-F735DA0E36A6}.Debug|x64.Build.0 = Debug|x64
		{214A804D-4513-4A2C-98F0-F735DA0E36A6}.Release|Win32.ActiveCfg = Release|Win32
		{214A804D-4513-4A2C-98F0-F735DA0E36A6}.Release|Win32.Build.0 = Release|Win32
		{214A804D-4513-4A2C-98F0-F735DA0E36A6}.Release|x64.ActiveCfg = Release|x64
		{214A804D-4513-4A2C-98F0-F735DA0E36A6}.Release|x64.Build.0 = Release|x64
		{4EE908F5-EB9E-4F79-9660-ABED9A7407E4}.Debug|Win32.ActiveCfg = Debug|Win32
		{4EE908F5-EB9E-4F79-9660-ABED9A7407E4}.Debug|Win32.Build.0 = Debug|Win32
		{4EE908F5-EB9E-4F79-9660-ABED9A7407E4}.Debug|x64.ActiveCfg = Debug|x64
		{4EE908F5-EB9E-4F79-9660-ABED9A7407E4}.Debug|x64.Build.0 = Debug|x64
		{4EE908F5-EB9E-4F79-9660-ABED9A7407E4}.Release|Win32.ActiveCfg = Release|Win32
		{4EE908F5-EB9E-4F79-9660-ABED9A7407E4}.Release|Win32.Build.0 = Release|Win32
		{4EE908F5-EB9E-4F79-9660-ABED9A7407E4}.Release|x64.ActiveCfg = Release|x64
		{4EE908F5-EB9E-4F79-9660-ABED9A7407E4}.Release|x64.Build.0 = Release|x64
		{A0503313-D8F3-45A4-8DB1-AD183A0157E7}.Debug|Win32.ActiveCfg = Debug|Win32
		{A0503313-D8F3-45A4-8DB1-AD183A0157E7}.Debug|Win32.Build.0 = Debug|Win32
		{A0503313-D8F3-45A4-8DB1-AD183A0157E7}.Debug|x64.ActiveCfg = Debug|x64
		{A0503313-D8F3-45A4-8DB1-AD183A0157E7}.Debug|x64.Build.0 = Debug|x64
		{A0503313-D8F3-45A4-8DB1-AD183A0157E7}.Release|Win32.ActiveCfg = Release|Win32
		{A0503313-D8F3-45A4-8DB1-AD183A0157E7}.Release|Win32.Build.0 = Release|Win32
		{A0503313-D8F3-45A4-8DB1-AD183A0157E7}.Release|x64.ActiveCfg = Release|x64
		{A0503313-D8F3-45A4-8DB1-AD183A0157E7}.Release|x64.Build.0 = Release|x64
		{243992F2-80D0-4A2A-B6A1-2F468292ADC3}.Debug|Win32.ActiveCfg = Debug|Win32
		{243992F2-80D0-4A2A-B6A1-2F468292ADC3}.Debug|Win32.Build.0 = Debug|Win32
		{243992F2-80D0-4A2A-B6A1-2F468292ADC3}.Debug|x64.ActiveCfg = Debug|x64
		{243992F2-80D0-4A2A-B6A1-2F468292ADC3}.Debug|x64.Build.0 = Debug|x64
		{243992F2-80D0-4A2A-B6A1-2F468292ADC3}.Release|Win32.ActiveCfg = Release|Win32
		{243992F2-80D0-4A2A-B6A1-2F468292ADC3}.Release|Win32.Build.0 = Release|Win32
		{243992F2-80D0-4A2A-B6A1-2F468292ADC3}.Release|x64.ActiveCfg = Release|x64
		{243992F2-80D0-4A2A-B6A1-2F468292ADC3}.Release|x64.Build.0 = Release|x64
		{994D8C26-E4DE-46EC-94DA-BCE3DDB3E2AA}.Debug|Win32.ActiveCfg = Debug|Win32
		{994D8C26-E4DE-46EC-94DA-BCE3DDB3E2AA}.Debug|Win32.Build.0 = Debug|Win32
		{994D8C26-E4DE-46EC-94DA-BCE3DDB3E2AA}.Debug|x64.ActiveCfg = Debug|x64
		{994D8C26-E4DE-46EC-94DA-BCE3DDB3E2AA}.Debug|x64.Build.0 = Debug|x64
		{994D8C26-E4DE-46EC-94DA-BCE3DDB3E2AA}.Release|Win32.ActiveCfg = Release|Win32
		{994D8C26-E4DE-46EC-94DA-BCE3DDB3E2AA}.Release|Win32.Build.0 = Release|Win32
		{994D8C26-E4DE-46EC-94DA-BCE3DDB3E2AA}.Release|x64.ActiveCfg = Release|x64
		{994D8C26-E4DE-46EC-94DA-BCE3DDB3E2AA}.Release|x64.Build.0 = Release|x64
		{E01F12B7-0C29-4174-9C03-AC9B230612F0}.Debug|Win32.ActiveCfg = Debug|Win32
		{E01F12B7-0C29-4174-9C03-AC9B230612F0}.Debug|Win32.Build.0 = Debug|Win32
		{E01F12B7-0C29-4174-9C03-AC9B230612F0}.Debug|x64.ActiveCfg = Debug|x64
		{E01F12B7-0C29-4174-9C03-AC9B230612F0}.Debug|x64.Build.0 = Debug|x64
		{E01F12B7-0C29-4174-9C03-AC9B230612F0}.Release|Win32.ActiveCfg = Release|Win32
		{E01F12B7-0C29-4174-9C03-AC9B230612F0}.Release|Win32.Build.0 = Release|Win32
		{E01F12B7-0C29-4174-9C03-AC9B230612F0}.Release|x64.ActiveCfg = Release|x64
		{E01F12B7-0C29-4174-9C03-AC9B230612F0}.Release|x64.Build.0 = Release|x64
		{51B68093-38AF-4F13-B3AF-5DA2648686E0}.Debug|Win32.ActiveCfg = Debug|Win32
		{51B68093-38AF-4F13-B3AF-5DA2648686E0}.Debug|Win32.Build.0 = Debug|Win32
		{51B68093-38AF-4F13-B3AF-5DA2648686E0}.Debug|x64.ActiveCfg = Debug|x64
		{51B68093-38AF-4F13-B3AF-5DA2648686E0}.Debug|x64.Build.0 = Debug|x64
		{51B68093-38AF-4F13-B3AF-5DA2648686E0}.Release|Win32.ActiveCfg = Release|Win32
		{51B68093-38AF-4F13-B3AF-5DA2648686E0}.Release|Win32.Build.0 = Release|Win32
		{51B68093-38AF-4F13-B3AF-5DA2648686E0}.Release|x64.ActiveCfg = Release|x64
		{51B68093-38AF-4F13-B3AF-5DA2648686E0}.Release|x64.Build.0 = Release|x64
		{31EAF1E2-68FD-4614-887A-D482E0F701F0}.Debug|Win32.ActiveCfg = Debug|Win32
		{31EAF1E2-68FD-4614-887A-D482E0F701F0}.Debug|Win32.Build.0 = Debug|Win32
		{31EAF1E2-68FD-4614-887A-D482E0F701F0}.Debug|x64.ActiveCfg = Debug|x64
		{31EAF1E2-68FD-4614-887A-D482E0F701F0}.Debug|x64.Build.0 = Debug|x64
		{31EAF1E2-68FD-4614-887A-D482E0F701F0}.Release|Win32.ActiveCfg = Release|Win32
		{31EAF1E2-68FD-4614-887A-D482E0F701F0}.Release|Win32.Build.0 = Release|Win32
		{31EAF1E2-68FD-4614-887A-D482E0F701F0}.Release|x64.ActiveCfg = Release|x64
		{31EAF1E2-68FD-4614-887A-D482E0F701F0}.Release|x64.Build.0 = Release|x64
		{BAE2C90F-54FF-44DA-A186-F2BB1FAFB930}.Debug|Win32.ActiveCfg = Debug|Win32
		{BAE2C90F-54FF-44DA-A186-F2BB1FAFB930}.Debug|Win32.Build.0 = Debug|Win32
		{BAE2C90F-54FF-44DA-A186-F2BB1FAFB930}.Debug|x64.ActiveCfg = Debug|x64
		{BAE2C90F-54FF-44DA-A186-F2BB1FAFB930}.Debug|x64.Build.0 = Debug|x64
		{BAE2C90F-54FF-44DA-A186-F2BB1FAFB930}.Release|Win32.ActiveCfg = Release|Win32
		{BAE2C90F-54FF-44DA-A186-F2BB1FAFB930}.Release|Win32.Build.0 = Release|Win32
		{BAE2C90F-54FF-44DA-A186-F2BB1FAFB930}.Release|x64.ActiveCfg = Release|x64
		{BAE2C90F-54FF-44DA-A186-F2BB1FAFB930}.Release|x64.Build.0 = Release|x64
		{60AE717B-FFBA-4013-9F6B-B3645B302808}.Debug|Win32.ActiveCfg = Debug|Win32
		{60AE717B-FFBA-4013-9F6B-B3645B302808}.Debug|Win32.Build.0 = Debug|Win32
		{60AE717B-FFBA-4013-9F6B-B3645B302808}.Debug|x64.ActiveCfg = Debug|x64
		{60AE717B-FFBA-4013-9F6B-B3645B302808}.Debug|x64.Build.0 = Debug|x64
		{60AE717B-FFBA-4013-9F6B-B3645B302808}.Release|Win32.ActiveCfg = Release|Win32
		{60AE717B-FFBA-4013-9F6B-B3645B302808}.Release|Win32.Build.0 = Release|Win32
		{60AE717B-FFBA-4013-9F6B-B3645B302808}.Release|x64.ActiveCfg = Release|x64
		{60AE717B-FFBA-4013-9F6B-B3645B302808}.Release|x64.Build.0 = Release|x64
		{09C96D62-C99C-4003-A8DD-0E8DAC92DF19}.Debug|Win32.ActiveCfg = Debug|Win32
		{09C96D62-C99C-4003-A8DD-0E8DAC92DF19}.Debug|Win32.Build.0 = Debug|Win32
		{09C96D62-C99C-4003-A8DD-0E8DAC92DF19}.Debug|x64.ActiveCfg = Debug|x64
		{09C96D62-C99C-4003-A8DD-0E8DAC92DF19}.Debug|x64.Build.0 = Debug|x64
		{09C96D62-C99C-4003-A8DD-0E8DAC92DF19}.Release|Win32.ActiveCfg = Release|Win32
		{09C96D62-C99C-4003-A8DD-0E8DAC92DF19}.Release|Win32.Build.0 = Release|Win32
		{09C96D62-C99C-4003-A8DD-0E8DAC92DF19}.Release|x64.ActiveCfg = Release|x64
		{09C96D62-C99C-4003-A8DD-0E8DAC92DF19}.Release|x64.Build.0 = Release|x64
		{F7F061AF-D14E-4888-9C99-1C0548BB0F26}.Debug|Win32.ActiveCfg = Debug|Win32
		{F7F061AF-D14E-4888-9C99-1C0548BB0F26}.Debug|Win32.Build.0 = Debug|Win32
		{F7F061AF-D14E-4888-9C99-1C0548BB0F26}.Debug|x64.ActiveCfg = Debug|x64
		{F7F061AF-D14E-4888-9C99-1C0548BB0F26}.Debug|x64.Build.0 = Debug|x64
		{F7F061AF-D14E-4888-9C99-1C0548BB0F26}.Release|Win32.ActiveCfg = Release|Win32
		{F7F061AF-D14E-4888-9C99-1C0548BB0F26}.Release|Win32.Build.0 = Release|Win32
		{F7F061AF-D14E-4888-9C99-1C0548BB0F26}.Release|x64.ActiveCfg = Release|x64
		{F7F061AF-D14E-4888-9C99-1C0548BB0F26}.Release|x64.Build.0 = Release|x64
		{945CE516-B991-42D7-BA9C-CB02E3D2EF57}.Debug|Win32.ActiveCfg = Debug|Win32
		{945CE516-B991-42D7-BA9C-CB02E3D2EF57}.Debug|Win32.Build.0 = Debug|Win32
		{945CE516-B991-42D7-BA9C-CB02E3D2EF57}.Debug|x64.ActiveCfg = Debug|x64
		{945CE516-B991-42D7-BA9C-CB02E3D2EF57}.Debug|x64.Build.0 = Debug|x64
		{945CE516-B991-42D7-BA9C-CB02E3D2EF57}.Release|Win32.ActiveCfg = Release|Win32
		{945CE516-B991-42D7-BA9C-CB02E3D2EF57}.Release|Win32.Build.0 = Release|Win32
		{945CE516-B991-42D7-BA9C-CB02E3D2EF57}.Release|x64.ActiveCfg = Release|x64
		{945CE516-B991-42D7-BA9C-CB02E3D2EF57}.Release|x64.Build.0 = Release|x64
		{60C8FC76-393E-438B-9145-1664E33951CE}.Debug|Win32.ActiveCfg = Debug|Win32
		{60C8FC76-393E-438B-9145-1664E33951CE}.Debug|Win32.Build.0 = Debug|Win32
		{60C8FC76-393E-438B-9145-1664E33951CE}.Debug|x64.ActiveCfg = Debug|x64
		{60C8FC76-393E-438B-9145-1664E33951CE}.Debug|x64.Build.0 = Debug|x64
		{60C8FC76-393E-438B-9145-1664E33951CE}.Release|Win32.ActiveCfg = Release|Win32
		{60C8FC76-393E-438B-9145-1664E33951CE}.Release|Win32.Build.0 = Release|Win32
		{60C8FC76-393E-438B-9145-1664E33951CE}.Release|x64.ActiveCfg = Release|x64
		{60C8FC76-393E-438B-9145-1664E33951CE}.Release|x64.Build.0 = Release|x64
		{89DA33DD-ACA2-4EAB-8004-0FC3EB96F857}.Debug|Win32.ActiveCfg = Debug|Win32
		{89DA33DD-ACA2-4EAB-8004-0FC3EB96F857}.Debug|Win32.Build.0 = Debug|Win32
		{89DA33DD-ACA2-4EAB-8004-0FC3EB96F857}.Debug|x64.ActiveCfg = Debug|x64
		{89DA33DD-ACA2-4EAB-8004-0FC3EB96F857}.Debug|x64.Build.0 = Debug|x64
		{89DA33DD-ACA2-4EAB-8004-0FC3EB96F857}.Release|Win32.ActiveCfg = Release|Win32
		{89DA33DD-ACA2-4EAB-8004-0FC3EB96F857}.Release|Win32.Build.0 = Release|Win32
		{89DA33DD-ACA2-4EAB-8004-0FC3EB96F857}.Release|x64.ActiveCfg = Release|x64
		{89DA33DD-ACA2-4EAB-8004-0FC3EB96F857}.Release|x64.Build.0 = Release|x64
		{414B50D1-761F-4FFB-860E-48C1D52AE246}.Debug|Win32.ActiveCfg = Debug|Win32
		{414B50D1-761F-4FFB-860E-48C1D52AE246}.Debug|Win32.Build.0 = Debug|Win32
		{414B50D1-761F-4FFB-860E-48C1D52AE246}.Debug|x64.ActiveCfg = Debug|x64
		{414B50D1-761F-4FFB-860E-48C1D52AE246}.Debug|x64.Build.0 = Debug|x64
		{414B50D1-761F-4FFB-860E-48C1D52AE246}.Release|Win32.ActiveCfg = Release|Win32
		{414B50D1-761F-4FFB-860E-48C1D52AE246}.Release|Win32.Build.0 = Release|Win32
		{414B50D1-761F-4FFB-860E-48C1D52AE246}.Release|x64.ActiveCfg = Release|x64
		{414B50D1-761F-4FFB-860E-48C1D52AE246}.Release|x64.Build.0 = Release|x64
		{E716F02F-2BAA-4051-AE62-242DC8A59D02}.Debug|Win32.ActiveCfg = Debug|Win32
		{E716F02F-2BAA-4051-AE62-242DC8A59D02}.Debug|Win32.Build.0 = Debug|Win32
		{E716F02F-2BAA-4051-AE62-242DC8A59D02}.Debug|x64.ActiveCfg = Debug|x64
		{E716F02F-2BAA-4051-AE62-242DC8A59D02}.Debug|x64.Build.0 = Debug|x64
		{E716F02F-2BAA-4051-AE62-242DC8A59D02}.Release|Win32.ActiveCfg = Release|Win32
		{E716F02F-2BAA-4051-AE62-242DC8A59D02}.Release|Win32.Build.0 = Release|Win32
		{E716F02F-2BAA-4051-AE62-242DC8A59D02}.Release|x64.ActiveCfg = Release|x64
		{E716F02F-2BAA-4051-AE62-242DC8A59D02}.Release|x64.Build.0 = Release|x64
		{2D123B1D-6688-4135-B357-6DA9C22D1B8C}.Debug|Win32.ActiveCfg = Debug|Win32
		{2D123B1D-6688-4135-B357-6DA9C22D1B8C}.Debug|Win32.Build.0 = Debug|Win32
		{2D123B1D-6688-4135-B357-6DA9C22D1B8C}.Debug|x64.ActiveCfg = Debug|x64
		{2D123B1D-6688-4135-B357-6DA9C22D1B8C}.Debug|x64.Build.0 = Debug|x64
		{2D123B1D-6688-4135-B357-6DA9C22D1B8C}.Release|Win32.ActiveCfg = Release|Win32
		{2D123B1D-6688-4135-B357-6DA9C22D1B8C}.Release|Win32.Build.0 = Release|Win32
		{2D123B1D-6688-4135-B357-6DA9C22D1B8C}.Release|x64.ActiveCfg = Release|x64
		{2D123B1D-6688-4135-B357-6DA9C22D1B8C}.Release|x64.Build.0 = Release|x64
		{360DB4A3-A197-4E42-B918-8397EABB31EC}.Debug|Win32.ActiveCfg = Debug|Win32
		{360DB4A3-A197-4E42-B918-8397EABB31EC}.Debug|Win32.Build.0 = Debug|Win32
		{360DB4A3-A197-4E42-B918-8397EABB31EC}.Debug|x64.ActiveCfg = Debug|x64
		{360DB4A3-A197-4E42-B918-8397EABB31EC}.Debug|x64.Build.0 = Debug|x64
		{360DB4A3-A197-4E42-B918-8397EABB31EC}.Release|Win32.ActiveCfg = Release|Win32
		{360DB4A3-A197-4E42-B918-8397EABB31EC}.Release|Win32.Build.0 = Release|Win32
		{360DB4A3-A197-4E42-B918-8397EABB31EC}.Release|x64.ActiveCfg = Release|x64
		{360DB4A3-A197-4E42-B918-8397EABB31EC}.Release|x64.Build.0 = Release|x64
		{72FADA11-07FD-47FD-9FBA-70CC7C147A68}.Debug|Win32.ActiveCfg = Debug|Win32
		{72FADA11-07FD-47FD-9FBA-70CC7C147A68}.Debug|Win32.Build.0 = Debug|Win32
		{72FADA11-07FD-47FD-9FBA-70CC7C147A68}.Debug|x64.ActiveCfg = Debug|x64
		{72FADA11-07FD-47FD-9FBA-70CC7C147A68}.Debug|x64.Build.0 = Debug|x64
		{72FADA11-07FD-47FD-9FBA-70CC7C147A68}.Release|Win32.ActiveCfg = Release|Win32
		{72FADA11-07FD-47FD-9FBA-70CC7C147A68}.Release|Win32.Build.0 = Release|Win32
		{72FADA11-07FD-47FD-9FBA-70CC7C147A68}.Release|x64.ActiveCfg = Release|x64
		{72FADA11-07FD-47FD-9FBA-70CC7C147A68}.Release|x64.Build.0 = Release|x64
		{E6C25D81-4B5C-4F13-8461-992831443B74}.Debug|Win32.ActiveCfg = Debug|Win32
		{E6C25D81-4B5C-4F13-8461-992831443B74}.Debug|Win32.Build.0 = Debug|Win32
		{E6C25D81-4B5C-4F13-8461-992831443B74}.Debug|x64.ActiveCfg = Debug|x64
		{E6C25D81-4B5C-4F13-8461-992831443B74}.Debug|x64.Build.0 = Debug|x64
		{E6C25D81-4B5C-4F13-8461-992831443B74}.Release|Win32.ActiveCfg = Release|Win32
		{E6C25D81-4B5C-4F13-8461-992831443B74}.Release|Win32.Build.0 = Release|Win32
		{E6C25D81-4B5C-4F13-8461-992831443B74}.Release|x64.ActiveCfg = Release|x64
		{E6C25D81-4B5C-4F13-8461-992831443B74}.Release|x64.Build.0 = Release|x64
		{A0503313-D8F3-45A4-8DB1-BD183A0157E7}.Debug|Win32.ActiveCfg = Debug|Win32
		{A0503313-D8F3-45A4-8DB1-BD183A0157E7}.Debug|Win32.Build.0 = Debug|Win32
		{A0503313-D8F3-45A4-8DB1-BD183A0157E7}.Debug|x64.ActiveCfg = Debug|x64
		{A0503313-D8F3-45A4-8DB1-BD183A0157E7}.Debug|x64.Build.0 = Debug|x64
		{A0503313-D8F3-45A4-8DB1-BD183A0157E7}.Release|Win32.ActiveCfg = Release|Win32
		{A0503313-D8F3-45A4-8DB1-BD183A0157E7}.Release|Win32.Build.0 = Release|Win32
		{A0503313-D8F3-45A4-8DB1-BD183A0157E7}.Release|x64.ActiveCfg = Release|x64
		{A0503313-D8F3-45A4-8DB1-BD183A0157E7}.Release|x64.Build.0 = Release|x64
	EndGlobalSection
	GlobalSection(SolutionProperties) = preSolution
		HideSolutionNode = FALSE
	EndGlobalSection
EndGlobal
