Microsoft Visual Studio Solution File, Format Version 10.00
# Visual Studio 2008
Project("{8BC9CEB8-8B4A-11D0-8D11-00A0C91BC942}") = "AddImageTestVC2008", "AddImageTest\CPP\AddImageTestVC2008.vcproj", "{5ECEA8C3-0CB2-44AC-9E6F-1785FC4BB76B}"
EndProject
Project("{8BC9CEB8-8B4A-11D0-8D11-00A0C91BC942}") = "AnnotationTestVC2008", "AnnotationTest\CPP\AnnotationTestVC2008.vcproj", "{2510C03D-A5ED-4618-B7AE-8A7D91B3E8FA}"
EndProject
Project("{8BC9CEB8-8B4A-11D0-8D11-00A0C91BC942}") = "BookmarkTestVC2008", "BookmarkTest\CPP\BookmarkTestVC2008.vcproj", "{B4E419B9-73FE-4893-A0F3-5EFF49B4C5BE}"
EndProject
Project("{8BC9CEB8-8B4A-11D0-8D11-00A0C91BC942}") = "ContentReplacerTestVC2008", "ContentReplacerTest\CPP\ContentReplacerTestVC2008.vcproj", "{A8B69987-2DC0-48EA-81E0-27268C7A9D36}"
EndProject
Project("{8BC9CEB8-8B4A-11D0-8D11-00A0C91BC942}") = "ConvertTestVC2008", "ConvertTest\CPP\ConvertTestVC2008.vcproj", "{1EBF9A4F-FF20-4129-BFB6-29D77F6F0302}"
EndProject
Project("{8BC9CEB8-8B4A-11D0-8D11-00A0C91BC942}") = "CAD2PDFTestVC2008", "CAD2PDFTest\CPP\CAD2PDFTestVC2008.vcproj", "{acb2aba0-4946-4b99-bbaa-7563b2bc113b}"
EndProject
Project("{8BC9CEB8-8B4A-11D0-8D11-00A0C91BC942}") = "DigitalSignaturesTestVC2008", "DigitalSignaturesTest\CPP\DigitalSignaturesTestVC2008.vcproj", "{784A546F-8D28-40F2-8498-A81F725CB397}"
EndProject
Project("{8BC9CEB8-8B4A-11D0-8D11-00A0C91BC942}") = "ElementBuilderTestVC2008", "ElementBuilderTest\CPP\ElementBuilderTestVC2008.vcproj", "{546C3B97-83CA-4523-9841-B8D2411ED784}"
EndProject
Project("{8BC9CEB8-8B4A-11D0-8D11-00A0C91BC942}") = "ElementEditTestVC2008", "ElementEditTest\CPP\ElementEditTestVC2008.vcproj", "{3FF7023E-1305-4BB0-821F-A9253EDB218E}"
EndProject
Project("{8BC9CEB8-8B4A-11D0-8D11-00A0C91BC942}") = "ElementReaderAdvTestVC2008", "ElementReaderAdvTest\CPP\ElementReaderAdvTestVC2008.vcproj", "{2868EE92-9C6A-491C-A7B6-14801572D60F}"
EndProject
Project("{8BC9CEB8-8B4A-11D0-8D11-00A0C91BC942}") = "ElementReaderTestVC2008", "ElementReaderTest\CPP\ElementReaderTestVC2008.vcproj", "{46FC6492-0B92-4C5D-A387-19DA75A566B3}"
EndProject
Project("{8BC9CEB8-8B4A-11D0-8D11-00A0C91BC942}") = "EncTestVC2008", "EncTest\CPP\EncTestVC2008.vcproj", "{464E68B3-2CB4-4261-909E-BB9609CFFEA3}"
EndProject
Project("{8BC9CEB8-8B4A-11D0-8D11-00A0C91BC942}") = "FDFTestVC2008", "FDFTest\CPP\FDFTestVC2008.vcproj", "{F578A6B4-890F-4209-8416-1D5B264F79B8}"
EndProject
Project("{8BC9CEB8-8B4A-11D0-8D11-00A0C91BC942}") = "HTML2PDFTestVC2008", "HTML2PDFTest\CPP\HTML2PDFTestVC2008.vcproj", "{99D5D6D5-BC76-4710-92A7-0B945199C67E}"
EndProject
Project("{8BC9CEB8-8B4A-11D0-8D11-00A0C91BC942}") = "ImageExtractTestVC2008", "ImageExtractTest\CPP\ImageExtractTestVC2008.vcproj", "{D76CD312-7CB4-460E-A808-A545E61929CE}"
EndProject
Project("{8BC9CEB8-8B4A-11D0-8D11-00A0C91BC942}") = "ImpositionTestVC2008", "ImpositionTest\CPP\ImpositionTestVC2008.vcproj", "{42B7E004-0FE0-4DB1-B4BE-831AE5327BCB}"
EndProject
Project("{8BC9CEB8-8B4A-11D0-8D11-00A0C91BC942}") = "InteractiveFormsTestVC2008", "InteractiveFormsTest\CPP\InteractiveFormsTestVC2008.vcproj", "{468617BC-9004-46C9-BA6C-3617B5B3CA7E}"
EndProject
Project("{8BC9CEB8-8B4A-11D0-8D11-00A0C91BC942}") = "JBIG2TestVC2008", "JBIG2Test\CPP\JBIG2TestVC2008.vcproj", "{83C3CBBD-F8BC-45A9-8F02-90A63C71EA1A}"
EndProject
Project("{8BC9CEB8-8B4A-11D0-8D11-00A0C91BC942}") = "LogicalStructureTestVC2008", "LogicalStructureTest\CPP\LogicalStructureTestVC2008.vcproj", "{53D91DF8-9F82-42EE-A788-BF787B08E11D}"
EndProject
Project("{8BC9CEB8-8B4A-11D0-8D11-00A0C91BC942}") = "OptimizerTestVC2008", "OptimizerTest\CPP\OptimizerTestVC2008.vcproj", "{184ADF7A-A92B-415E-BD34-154347108A41}"
EndProject
Project("{8BC9CEB8-8B4A-11D0-8D11-00A0C91BC942}") = "PageLabelsTestVC2008", "PageLabelsTest\CPP\PageLabelsTestVC2008.vcproj", "{E3D102E4-9CD3-41E5-98F6-D68E8C63DE87}"
EndProject
Project("{8BC9CEB8-8B4A-11D0-8D11-00A0C91BC942}") = "PatternTestVC2008", "PatternTest\CPP\PatternTestVC2008.vcproj", "{1DA67A33-FCC2-4A5E-B064-19EC2DD4A5D0}"
EndProject
Project("{8BC9CEB8-8B4A-11D0-8D11-00A0C91BC942}") = "PDFATestVC2008", "PDFATest\CPP\PDFATestVC2008.vcproj", "{398E9159-9932-4CAF-A099-115FEB63D241}"
EndProject
Project("{8BC9CEB8-8B4A-11D0-8D11-00A0C91BC942}") = "PDFDCTestVC2008", "PDFDCTest\CPP\PDFDCTestVC2008.vcproj", "{EDE83CD8-777D-4A6F-95FC-19A286FC74D0}"
EndProject
Project("{8BC9CEB8-8B4A-11D0-8D11-00A0C91BC942}") = "PDFDocMemoryTestVC2008", "PDFDocMemoryTest\CPP\PDFDocMemoryTestVC2008.vcproj", "{F78206F7-869E-4E5D-8F12-581370FB5482}"
EndProject
Project("{8BC9CEB8-8B4A-11D0-8D11-00A0C91BC942}") = "PDFDrawTestVC2008", "PDFDrawTest\CPP\PDFDrawTestVC2008.vcproj", "{F5492083-3F84-4141-BB9D-45A6B8BD8619}"
EndProject
Project("{8BC9CEB8-8B4A-11D0-8D11-00A0C91BC942}") = "OCRTestVC2008", "OCRTest\CPP\OCRTestVC2008.vcproj", "{F5492083-3F84-4141-BB9D-15A6B8BD8619}"
EndProject
Project("{8BC9CEB8-8B4A-11D0-8D11-00A0C91BC942}") = "PDFLayersTestVC2008", "PDFLayersTest\CPP\PDFLayersTestVC2008.vcproj", "{9E1E98F7-F938-47E7-96F2-40CD73DBF2F5}"
EndProject
Project("{8BC9CEB8-8B4A-11D0-8D11-00A0C91BC942}") = "PDFPackageTestVC2008", "PDFPackageTest\CPP\PDFPackageTestVC2008.vcproj", "{64069ED3-C917-4D55-A0A0-7EA412FBCAE1}"
EndProject
Project("{8BC9CEB8-8B4A-11D0-8D11-00A0C91BC942}") = "PDFPageTestVC2008", "PDFPageTest\CPP\PDFPageTestVC2008.vcproj", "{5ED1185C-E33E-479C-97E0-301A4E4AA19E}"
EndProject
Project("{8BC9CEB8-8B4A-11D0-8D11-00A0C91BC942}") = "PDFPrintTestVC2008", "PDFPrintTest\CPP\PDFPrintTestVC2008.vcproj", "{4AD16A57-4639-4C27-B5C9-B61B6134F2DD}"
EndProject
Project("{8BC9CEB8-8B4A-11D0-8D11-00A0C91BC942}") = "PDFRedactTestVC2008", "PDFRedactTest\CPP\PDFRedactTestVC2008.vcproj", "{6C67F489-52C8-46E5-9512-DD071F7BFCC0}"
EndProject
Project("{8BC9CEB8-8B4A-11D0-8D11-00A0C91BC942}") = "PDFViewSimpleTestVC2008", "PDFViewSimpleTest\CPP\PDFViewSimpleTestVC2008.vcproj", "{BAE2C90F-54FF-44DA-A186-F2BB1FAFB930}"
EndProject
Project("{8BC9CEB8-8B4A-11D0-8D11-00A0C91BC942}") = "PDFViewWXTestVC2008", "PDFViewWXTest\CPP\PDFViewWXTestVC2008.vcproj", "{09C96D62-C99C-4003-A8DD-0E8DAC92DF19}"
EndProject
Project("{8BC9CEB8-8B4A-11D0-8D11-00A0C91BC942}") = "RectTestVC2008", "RectTest\CPP\RectTestVC2008.vcproj", "{664B4049-5F64-4235-833A-BA3E4EA8DFEA}"
EndProject
Project("{8BC9CEB8-8B4A-11D0-8D11-00A0C91BC942}") = "SDFTestVC2008", "SDFTest\CPP\SDFTestVC2008.vcproj", "{B0115221-03B4-40FB-A368-E535BAF2417A}"
EndProject
Project("{8BC9CEB8-8B4A-11D0-8D11-00A0C91BC942}") = "StamperTestVC2008", "StamperTest\CPP\StamperTestVC2008.vcproj", "{17C07933-934B-4766-9815-2CA6A31F5DAB}"
EndProject
Project("{8BC9CEB8-8B4A-11D0-8D11-00A0C91BC942}") = "TextExtractTestVC2008", "TextExtractTest\CPP\TextExtractTestVC2008.vcproj", "{DD3A86AB-0F61-4476-9004-37337BE102C5}"
EndProject
Project("{8BC9CEB8-8B4A-11D0-8D11-00A0C91BC942}") = "TextSearchTestVC2008", "TextSearchTest\CPP\TextSearchTestVC2008.vcproj", "{9B65427E-CE07-4652-85C3-093E355A66ED}"
EndProject
Project("{8BC9CEB8-8B4A-11D0-8D11-00A0C91BC942}") = "U3DTestVC2008", "U3DTest\CPP\U3DTestVC2008.vcproj", "{7948284D-B627-4E80-AF85-38EDEB66F7E9}"
EndProject
Project("{8BC9CEB8-8B4A-11D0-8D11-00A0C91BC942}") = "UnicodeWriteTestVC2008", "UnicodeWriteTest\CPP\UnicodeWriteTestVC2008.vcproj", "{5573FB93-9BD0-4E7A-A193-E8522ABDF035}"
EndProject
Project("{8BC9CEB8-8B4A-11D0-8D11-00A0C91BC942}") = "OfficeToPDFTestVC2008", "OfficeToPDFTest\CPP\OfficeToPDFTestVC2008.vcproj", "{53bf74f6-4d61-4f4c-9c41-3a782e013719}"
EndProject
Project("{8BC9CEB8-8B4A-11D0-8D11-00A0C91BC942}") = "WebViewerConvertTestVC2008",  "WebViewerConvertTest\CPP\WebViewerConvertTestVC2008.vcproj", "{7BCCA299-434D-41B3-AE5D-9EB9E447B1FC}"
EndProject
Project("{8BC9CEB8-8B4A-11D0-8D11-00A0C91BC942}") = "UndoRedoTestVC2008", "UndoRedoTest\CPP\UndoRedoTestVC2008.vcproj", "{E6C25D81-4B5C-4F13-8461-992831443B74}"
EndProject
Global
	GlobalSection(SolutionConfigurationPlatforms) = preSolution
		Debug|x64 = Debug|x64
		Release|x64 = Release|x64
	EndGlobalSection
	GlobalSection(ProjectConfigurationPlatforms) = postSolution
		{53bf74f6-4d61-4f4c-9c41-3a782e013719}.Debug|Win32.ActiveCfg = Debug|Win32
		{53bf74f6-4d61-4f4c-9c41-3a782e013719}.Debug|Win32.Build.0 = Debug|Win32
		{53bf74f6-4d61-4f4c-9c41-3a782e013719}.Debug|x64.ActiveCfg = Debug|x64
		{53bf74f6-4d61-4f4c-9c41-3a782e013719}.Debug|x64.Build.0 = Debug|x64
		{53bf74f6-4d61-4f4c-9c41-3a782e013719}.Release|Win32.ActiveCfg = Release|Win32
		{53bf74f6-4d61-4f4c-9c41-3a782e013719}.Release|Win32.Build.0 = Release|Win32
		{53bf74f6-4d61-4f4c-9c41-3a782e013719}.Release|x64.ActiveCfg = Release|x64
		{53bf74f6-4d61-4f4c-9c41-3a782e013719}.Release|x64.Build.0 = Release|x64
		{5ECEA8C3-0CB2-44AC-9E6F-1785FC4BB76B}.Debug|Win32.ActiveCfg = Debug|Win32
		{5ECEA8C3-0CB2-44AC-9E6F-1785FC4BB76B}.Debug|Win32.Build.0 = Debug|Win32
		{5ECEA8C3-0CB2-44AC-9E6F-1785FC4BB76B}.Debug|x64.ActiveCfg = Debug|x64
		{5ECEA8C3-0CB2-44AC-9E6F-1785FC4BB76B}.Debug|x64.Build.0 = Debug|x64
		{5ECEA8C3-0CB2-44AC-9E6F-1785FC4BB76B}.Release|Win32.ActiveCfg = Release|Win32
		{5ECEA8C3-0CB2-44AC-9E6F-1785FC4BB76B}.Release|Win32.Build.0 = Release|Win32
		{5ECEA8C3-0CB2-44AC-9E6F-1785FC4BB76B}.Release|x64.ActiveCfg = Release|x64
		{5ECEA8C3-0CB2-44AC-9E6F-1785FC4BB76B}.Release|x64.Build.0 = Release|x64
		{2510C03D-A5ED-4618-B7AE-8A7D91B3E8FA}.Debug|Win32.ActiveCfg = Debug|Win32
		{2510C03D-A5ED-4618-B7AE-8A7D91B3E8FA}.Debug|Win32.Build.0 = Debug|Win32
		{2510C03D-A5ED-4618-B7AE-8A7D91B3E8FA}.Debug|x64.ActiveCfg = Debug|x64
		{2510C03D-A5ED-4618-B7AE-8A7D91B3E8FA}.Debug|x64.Build.0 = Debug|x64
		{2510C03D-A5ED-4618-B7AE-8A7D91B3E8FA}.Release|Win32.ActiveCfg = Release|Win32
		{2510C03D-A5ED-4618-B7AE-8A7D91B3E8FA}.Release|Win32.Build.0 = Release|Win32
		{2510C03D-A5ED-4618-B7AE-8A7D91B3E8FA}.Release|x64.ActiveCfg = Release|x64
		{2510C03D-A5ED-4618-B7AE-8A7D91B3E8FA}.Release|x64.Build.0 = Release|x64
		{B4E419B9-73FE-4893-A0F3-5EFF49B4C5BE}.Debug|Win32.ActiveCfg = Debug|Win32
		{B4E419B9-73FE-4893-A0F3-5EFF49B4C5BE}.Debug|Win32.Build.0 = Debug|Win32
		{B4E419B9-73FE-4893-A0F3-5EFF49B4C5BE}.Debug|x64.ActiveCfg = Debug|x64
		{B4E419B9-73FE-4893-A0F3-5EFF49B4C5BE}.Debug|x64.Build.0 = Debug|x64
		{B4E419B9-73FE-4893-A0F3-5EFF49B4C5BE}.Release|Win32.ActiveCfg = Release|Win32
		{B4E419B9-73FE-4893-A0F3-5EFF49B4C5BE}.Release|Win32.Build.0 = Release|Win32
		{B4E419B9-73FE-4893-A0F3-5EFF49B4C5BE}.Release|x64.ActiveCfg = Release|x64
		{B4E419B9-73FE-4893-A0F3-5EFF49B4C5BE}.Release|x64.Build.0 = Release|x64
		{A8B69987-2DC0-48EA-81E0-27268C7A9D36}.Debug|Win32.ActiveCfg = Debug|Win32
		{A8B69987-2DC0-48EA-81E0-27268C7A9D36}.Debug|Win32.Build.0 = Debug|Win32
		{A8B69987-2DC0-48EA-81E0-27268C7A9D36}.Debug|x64.ActiveCfg = Debug|x64
		{A8B69987-2DC0-48EA-81E0-27268C7A9D36}.Debug|x64.Build.0 = Debug|x64
		{A8B69987-2DC0-48EA-81E0-27268C7A9D36}.Release|Win32.ActiveCfg = Release|Win32
		{A8B69987-2DC0-48EA-81E0-27268C7A9D36}.Release|Win32.Build.0 = Release|Win32
		{A8B69987-2DC0-48EA-81E0-27268C7A9D36}.Release|x64.ActiveCfg = Release|x64
		{A8B69987-2DC0-48EA-81E0-27268C7A9D36}.Release|x64.Build.0 = Release|x64
		{acb2aba0-4946-4b99-bbaa-7563b2bc113b}.Debug|Win32.ActiveCfg = Debug|Win32
		{acb2aba0-4946-4b99-bbaa-7563b2bc113b}.Debug|Win32.Build.0 = Debug|Win32
		{acb2aba0-4946-4b99-bbaa-7563b2bc113b}.Debug|x64.ActiveCfg = Debug|x64
		{acb2aba0-4946-4b99-bbaa-7563b2bc113b}.Debug|x64.Build.0 = Debug|x64
		{acb2aba0-4946-4b99-bbaa-7563b2bc113b}.Release|Win32.ActiveCfg = Release|Win32
		{acb2aba0-4946-4b99-bbaa-7563b2bc113b}.Release|Win32.Build.0 = Release|Win32
		{acb2aba0-4946-4b99-bbaa-7563b2bc113b}.Release|x64.ActiveCfg = Release|x64
		{acb2aba0-4946-4b99-bbaa-7563b2bc113b}.Release|x64.Build.0 = Release|x64
		{1EBF9A4F-FF20-4129-BFB6-29D77F6F0302}.Debug|Win32.ActiveCfg = Debug|Win32
		{1EBF9A4F-FF20-4129-BFB6-29D77F6F0302}.Debug|Win32.Build.0 = Debug|Win32
		{1EBF9A4F-FF20-4129-BFB6-29D77F6F0302}.Debug|x64.ActiveCfg = Debug|x64
		{1EBF9A4F-FF20-4129-BFB6-29D77F6F0302}.Debug|x64.Build.0 = Debug|x64
		{1EBF9A4F-FF20-4129-BFB6-29D77F6F0302}.Release|Win32.ActiveCfg = Release|Win32
		{1EBF9A4F-FF20-4129-BFB6-29D77F6F0302}.Release|Win32.Build.0 = Release|Win32
		{1EBF9A4F-FF20-4129-BFB6-29D77F6F0302}.Release|x64.ActiveCfg = Release|x64
		{1EBF9A4F-FF20-4129-BFB6-29D77F6F0302}.Release|x64.Build.0 = Release|x64
		{784A546F-8D28-40F2-8498-A81F725CB397}.Debug|Win32.ActiveCfg = Debug|Win32
		{784A546F-8D28-40F2-8498-A81F725CB397}.Debug|Win32.Build.0 = Debug|Win32
		{784A546F-8D28-40F2-8498-A81F725CB397}.Debug|x64.ActiveCfg = Debug|x64
		{784A546F-8D28-40F2-8498-A81F725CB397}.Debug|x64.Build.0 = Debug|x64
		{784A546F-8D28-40F2-8498-A81F725CB397}.Release|Win32.ActiveCfg = Release|Win32
		{784A546F-8D28-40F2-8498-A81F725CB397}.Release|Win32.Build.0 = Release|Win32
		{784A546F-8D28-40F2-8498-A81F725CB397}.Release|x64.ActiveCfg = Release|x64
		{784A546F-8D28-40F2-8498-A81F725CB397}.Release|x64.Build.0 = Release|x64
		{546C3B97-83CA-4523-9841-B8D2411ED784}.Debug|Win32.ActiveCfg = Debug|Win32
		{546C3B97-83CA-4523-9841-B8D2411ED784}.Debug|Win32.Build.0 = Debug|Win32
		{546C3B97-83CA-4523-9841-B8D2411ED784}.Debug|x64.ActiveCfg = Debug|x64
		{546C3B97-83CA-4523-9841-B8D2411ED784}.Debug|x64.Build.0 = Debug|x64
		{546C3B97-83CA-4523-9841-B8D2411ED784}.Release|Win32.ActiveCfg = Release|Win32
		{546C3B97-83CA-4523-9841-B8D2411ED784}.Release|Win32.Build.0 = Release|Win32
		{546C3B97-83CA-4523-9841-B8D2411ED784}.Release|x64.ActiveCfg = Release|x64
		{546C3B97-83CA-4523-9841-B8D2411ED784}.Release|x64.Build.0 = Release|x64
		{3FF7023E-1305-4BB0-821F-A9253EDB218E}.Debug|Win32.ActiveCfg = Debug|Win32
		{3FF7023E-1305-4BB0-821F-A9253EDB218E}.Debug|Win32.Build.0 = Debug|Win32
		{3FF7023E-1305-4BB0-821F-A9253EDB218E}.Debug|x64.ActiveCfg = Debug|x64
		{3FF7023E-1305-4BB0-821F-A9253EDB218E}.Debug|x64.Build.0 = Debug|x64
		{3FF7023E-1305-4BB0-821F-A9253EDB218E}.Release|Win32.ActiveCfg = Release|Win32
		{3FF7023E-1305-4BB0-821F-A9253EDB218E}.Release|Win32.Build.0 = Release|Win32
		{3FF7023E-1305-4BB0-821F-A9253EDB218E}.Release|x64.ActiveCfg = Release|x64
		{3FF7023E-1305-4BB0-821F-A9253EDB218E}.Release|x64.Build.0 = Release|x64
		{2868EE92-9C6A-491C-A7B6-14801572D60F}.Debug|Win32.ActiveCfg = Debug|Win32
		{2868EE92-9C6A-491C-A7B6-14801572D60F}.Debug|Win32.Build.0 = Debug|Win32
		{2868EE92-9C6A-491C-A7B6-14801572D60F}.Debug|x64.ActiveCfg = Debug|x64
		{2868EE92-9C6A-491C-A7B6-14801572D60F}.Debug|x64.Build.0 = Debug|x64
		{2868EE92-9C6A-491C-A7B6-14801572D60F}.Release|Win32.ActiveCfg = Release|Win32
		{2868EE92-9C6A-491C-A7B6-14801572D60F}.Release|Win32.Build.0 = Release|Win32
		{2868EE92-9C6A-491C-A7B6-14801572D60F}.Release|x64.ActiveCfg = Release|x64
		{2868EE92-9C6A-491C-A7B6-14801572D60F}.Release|x64.Build.0 = Release|x64
		{46FC6492-0B92-4C5D-A387-19DA75A566B3}.Debug|Win32.ActiveCfg = Debug|Win32
		{46FC6492-0B92-4C5D-A387-19DA75A566B3}.Debug|Win32.Build.0 = Debug|Win32
		{46FC6492-0B92-4C5D-A387-19DA75A566B3}.Debug|x64.ActiveCfg = Debug|x64
		{46FC6492-0B92-4C5D-A387-19DA75A566B3}.Debug|x64.Build.0 = Debug|x64
		{46FC6492-0B92-4C5D-A387-19DA75A566B3}.Release|Win32.ActiveCfg = Release|Win32
		{46FC6492-0B92-4C5D-A387-19DA75A566B3}.Release|Win32.Build.0 = Release|Win32
		{46FC6492-0B92-4C5D-A387-19DA75A566B3}.Release|x64.ActiveCfg = Release|x64
		{46FC6492-0B92-4C5D-A387-19DA75A566B3}.Release|x64.Build.0 = Release|x64
		{464E68B3-2CB4-4261-909E-BB9609CFFEA3}.Debug|Win32.ActiveCfg = Debug|Win32
		{464E68B3-2CB4-4261-909E-BB9609CFFEA3}.Debug|Win32.Build.0 = Debug|Win32
		{464E68B3-2CB4-4261-909E-BB9609CFFEA3}.Debug|x64.ActiveCfg = Debug|x64
		{464E68B3-2CB4-4261-909E-BB9609CFFEA3}.Debug|x64.Build.0 = Debug|x64
		{464E68B3-2CB4-4261-909E-BB9609CFFEA3}.Release|Win32.ActiveCfg = Release|Win32
		{464E68B3-2CB4-4261-909E-BB9609CFFEA3}.Release|Win32.Build.0 = Release|Win32
		{464E68B3-2CB4-4261-909E-BB9609CFFEA3}.Release|x64.ActiveCfg = Release|x64
		{464E68B3-2CB4-4261-909E-BB9609CFFEA3}.Release|x64.Build.0 = Release|x64
		{F578A6B4-890F-4209-8416-1D5B264F79B8}.Debug|Win32.ActiveCfg = Debug|Win32
		{F578A6B4-890F-4209-8416-1D5B264F79B8}.Debug|Win32.Build.0 = Debug|Win32
		{F578A6B4-890F-4209-8416-1D5B264F79B8}.Debug|x64.ActiveCfg = Debug|x64
		{F578A6B4-890F-4209-8416-1D5B264F79B8}.Debug|x64.Build.0 = Debug|x64
		{F578A6B4-890F-4209-8416-1D5B264F79B8}.Release|Win32.ActiveCfg = Release|Win32
		{F578A6B4-890F-4209-8416-1D5B264F79B8}.Release|Win32.Build.0 = Release|Win32
		{F578A6B4-890F-4209-8416-1D5B264F79B8}.Release|x64.ActiveCfg = Release|x64
		{F578A6B4-890F-4209-8416-1D5B264F79B8}.Release|x64.Build.0 = Release|x64
		{99D5D6D5-BC76-4710-92A7-0B945199C67E}.Debug|Win32.ActiveCfg = Debug|Win32
		{99D5D6D5-BC76-4710-92A7-0B945199C67E}.Debug|Win32.Build.0 = Debug|Win32
		{99D5D6D5-BC76-4710-92A7-0B945199C67E}.Debug|x64.ActiveCfg = Debug|x64
		{99D5D6D5-BC76-4710-92A7-0B945199C67E}.Debug|x64.Build.0 = Debug|x64
		{99D5D6D5-BC76-4710-92A7-0B945199C67E}.Release|Win32.ActiveCfg = Release|Win32
		{99D5D6D5-BC76-4710-92A7-0B945199C67E}.Release|Win32.Build.0 = Release|Win32
		{99D5D6D5-BC76-4710-92A7-0B945199C67E}.Release|x64.ActiveCfg = Release|x64
		{99D5D6D5-BC76-4710-92A7-0B945199C67E}.Release|x64.Build.0 = Release|x64
		{D76CD312-7CB4-460E-A808-A545E61929CE}.Debug|Win32.ActiveCfg = Debug|Win32
		{D76CD312-7CB4-460E-A808-A545E61929CE}.Debug|Win32.Build.0 = Debug|Win32
		{D76CD312-7CB4-460E-A808-A545E61929CE}.Debug|x64.ActiveCfg = Debug|x64
		{D76CD312-7CB4-460E-A808-A545E61929CE}.Debug|x64.Build.0 = Debug|x64
		{D76CD312-7CB4-460E-A808-A545E61929CE}.Release|Win32.ActiveCfg = Release|Win32
		{D76CD312-7CB4-460E-A808-A545E61929CE}.Release|Win32.Build.0 = Release|Win32
		{D76CD312-7CB4-460E-A808-A545E61929CE}.Release|x64.ActiveCfg = Release|x64
		{D76CD312-7CB4-460E-A808-A545E61929CE}.Release|x64.Build.0 = Release|x64
		{42B7E004-0FE0-4DB1-B4BE-831AE5327BCB}.Debug|Win32.ActiveCfg = Debug|Win32
		{42B7E004-0FE0-4DB1-B4BE-831AE5327BCB}.Debug|Win32.Build.0 = Debug|Win32
		{42B7E004-0FE0-4DB1-B4BE-831AE5327BCB}.Debug|x64.ActiveCfg = Debug|x64
		{42B7E004-0FE0-4DB1-B4BE-831AE5327BCB}.Debug|x64.Build.0 = Debug|x64
		{42B7E004-0FE0-4DB1-B4BE-831AE5327BCB}.Release|Win32.ActiveCfg = Release|Win32
		{42B7E004-0FE0-4DB1-B4BE-831AE5327BCB}.Release|Win32.Build.0 = Release|Win32
		{42B7E004-0FE0-4DB1-B4BE-831AE5327BCB}.Release|x64.ActiveCfg = Release|x64
		{42B7E004-0FE0-4DB1-B4BE-831AE5327BCB}.Release|x64.Build.0 = Release|x64
		{468617BC-9004-46C9-BA6C-3617B5B3CA7E}.Debug|Win32.ActiveCfg = Debug|Win32
		{468617BC-9004-46C9-BA6C-3617B5B3CA7E}.Debug|Win32.Build.0 = Debug|Win32
		{468617BC-9004-46C9-BA6C-3617B5B3CA7E}.Debug|x64.ActiveCfg = Debug|x64
		{468617BC-9004-46C9-BA6C-3617B5B3CA7E}.Debug|x64.Build.0 = Debug|x64
		{468617BC-9004-46C9-BA6C-3617B5B3CA7E}.Release|Win32.ActiveCfg = Release|Win32
		{468617BC-9004-46C9-BA6C-3617B5B3CA7E}.Release|Win32.Build.0 = Release|Win32
		{468617BC-9004-46C9-BA6C-3617B5B3CA7E}.Release|x64.ActiveCfg = Release|x64
		{468617BC-9004-46C9-BA6C-3617B5B3CA7E}.Release|x64.Build.0 = Release|x64
		{83C3CBBD-F8BC-45A9-8F02-90A63C71EA1A}.Debug|Win32.ActiveCfg = Debug|Win32
		{83C3CBBD-F8BC-45A9-8F02-90A63C71EA1A}.Debug|Win32.Build.0 = Debug|Win32
		{83C3CBBD-F8BC-45A9-8F02-90A63C71EA1A}.Debug|x64.ActiveCfg = Debug|x64
		{83C3CBBD-F8BC-45A9-8F02-90A63C71EA1A}.Debug|x64.Build.0 = Debug|x64
		{83C3CBBD-F8BC-45A9-8F02-90A63C71EA1A}.Release|Win32.ActiveCfg = Release|Win32
		{83C3CBBD-F8BC-45A9-8F02-90A63C71EA1A}.Release|Win32.Build.0 = Release|Win32
		{83C3CBBD-F8BC-45A9-8F02-90A63C71EA1A}.Release|x64.ActiveCfg = Release|x64
		{83C3CBBD-F8BC-45A9-8F02-90A63C71EA1A}.Release|x64.Build.0 = Release|x64
		{53D91DF8-9F82-42EE-A788-BF787B08E11D}.Debug|Win32.ActiveCfg = Debug|Win32
		{53D91DF8-9F82-42EE-A788-BF787B08E11D}.Debug|Win32.Build.0 = Debug|Win32
		{53D91DF8-9F82-42EE-A788-BF787B08E11D}.Debug|x64.ActiveCfg = Debug|x64
		{53D91DF8-9F82-42EE-A788-BF787B08E11D}.Debug|x64.Build.0 = Debug|x64
		{53D91DF8-9F82-42EE-A788-BF787B08E11D}.Release|Win32.ActiveCfg = Release|Win32
		{53D91DF8-9F82-42EE-A788-BF787B08E11D}.Release|Win32.Build.0 = Release|Win32
		{53D91DF8-9F82-42EE-A788-BF787B08E11D}.Release|x64.ActiveCfg = Release|x64
		{53D91DF8-9F82-42EE-A788-BF787B08E11D}.Release|x64.Build.0 = Release|x64
		{184ADF7A-A92B-415E-BD34-154347108A41}.Debug|Win32.ActiveCfg = Debug|Win32
		{184ADF7A-A92B-415E-BD34-154347108A41}.Debug|Win32.Build.0 = Debug|Win32
		{184ADF7A-A92B-415E-BD34-154347108A41}.Debug|x64.ActiveCfg = Debug|x64
		{184ADF7A-A92B-415E-BD34-154347108A41}.Debug|x64.Build.0 = Debug|x64
		{184ADF7A-A92B-415E-BD34-154347108A41}.Release|Win32.ActiveCfg = Release|Win32
		{184ADF7A-A92B-415E-BD34-154347108A41}.Release|Win32.Build.0 = Release|Win32
		{184ADF7A-A92B-415E-BD34-154347108A41}.Release|x64.ActiveCfg = Release|x64
		{184ADF7A-A92B-415E-BD34-154347108A41}.Release|x64.Build.0 = Release|x64
		{E3D102E4-9CD3-41E5-98F6-D68E8C63DE87}.Debug|Win32.ActiveCfg = Debug|Win32
		{E3D102E4-9CD3-41E5-98F6-D68E8C63DE87}.Debug|Win32.Build.0 = Debug|Win32
		{E3D102E4-9CD3-41E5-98F6-D68E8C63DE87}.Debug|x64.ActiveCfg = Debug|x64
		{E3D102E4-9CD3-41E5-98F6-D68E8C63DE87}.Debug|x64.Build.0 = Debug|x64
		{E3D102E4-9CD3-41E5-98F6-D68E8C63DE87}.Release|Win32.ActiveCfg = Release|Win32
		{E3D102E4-9CD3-41E5-98F6-D68E8C63DE87}.Release|Win32.Build.0 = Release|Win32
		{E3D102E4-9CD3-41E5-98F6-D68E8C63DE87}.Release|x64.ActiveCfg = Release|x64
		{E3D102E4-9CD3-41E5-98F6-D68E8C63DE87}.Release|x64.Build.0 = Release|x64
		{1DA67A33-FCC2-4A5E-B064-19EC2DD4A5D0}.Debug|Win32.ActiveCfg = Debug|Win32
		{1DA67A33-FCC2-4A5E-B064-19EC2DD4A5D0}.Debug|Win32.Build.0 = Debug|Win32
		{1DA67A33-FCC2-4A5E-B064-19EC2DD4A5D0}.Debug|x64.ActiveCfg = Debug|x64
		{1DA67A33-FCC2-4A5E-B064-19EC2DD4A5D0}.Debug|x64.Build.0 = Debug|x64
		{1DA67A33-FCC2-4A5E-B064-19EC2DD4A5D0}.Release|Win32.ActiveCfg = Release|Win32
		{1DA67A33-FCC2-4A5E-B064-19EC2DD4A5D0}.Release|Win32.Build.0 = Release|Win32
		{1DA67A33-FCC2-4A5E-B064-19EC2DD4A5D0}.Release|x64.ActiveCfg = Release|x64
		{1DA67A33-FCC2-4A5E-B064-19EC2DD4A5D0}.Release|x64.Build.0 = Release|x64
		{398E9159-9932-4CAF-A099-115FEB63D241}.Debug|Win32.ActiveCfg = Debug|Win32
		{398E9159-9932-4CAF-A099-115FEB63D241}.Debug|Win32.Build.0 = Debug|Win32
		{398E9159-9932-4CAF-A099-115FEB63D241}.Debug|x64.ActiveCfg = Debug|x64
		{398E9159-9932-4CAF-A099-115FEB63D241}.Debug|x64.Build.0 = Debug|x64
		{398E9159-9932-4CAF-A099-115FEB63D241}.Release|Win32.ActiveCfg = Release|Win32
		{398E9159-9932-4CAF-A099-115FEB63D241}.Release|Win32.Build.0 = Release|Win32
		{398E9159-9932-4CAF-A099-115FEB63D241}.Release|x64.ActiveCfg = Release|x64
		{398E9159-9932-4CAF-A099-115FEB63D241}.Release|x64.Build.0 = Release|x64
		{EDE83CD8-777D-4A6F-95FC-19A286FC74D0}.Debug|Win32.ActiveCfg = Debug|Win32
		{EDE83CD8-777D-4A6F-95FC-19A286FC74D0}.Debug|Win32.Build.0 = Debug|Win32
		{EDE83CD8-777D-4A6F-95FC-19A286FC74D0}.Debug|x64.ActiveCfg = Debug|x64
		{EDE83CD8-777D-4A6F-95FC-19A286FC74D0}.Debug|x64.Build.0 = Debug|x64
		{EDE83CD8-777D-4A6F-95FC-19A286FC74D0}.Release|Win32.ActiveCfg = Release|Win32
		{EDE83CD8-777D-4A6F-95FC-19A286FC74D0}.Release|Win32.Build.0 = Release|Win32
		{EDE83CD8-777D-4A6F-95FC-19A286FC74D0}.Release|x64.ActiveCfg = Release|x64
		{EDE83CD8-777D-4A6F-95FC-19A286FC74D0}.Release|x64.Build.0 = Release|x64
		{F78206F7-869E-4E5D-8F12-581370FB5482}.Debug|Win32.ActiveCfg = Debug|Win32
		{F78206F7-869E-4E5D-8F12-581370FB5482}.Debug|Win32.Build.0 = Debug|Win32
		{F78206F7-869E-4E5D-8F12-581370FB5482}.Debug|x64.ActiveCfg = Debug|x64
		{F78206F7-869E-4E5D-8F12-581370FB5482}.Debug|x64.Build.0 = Debug|x64
		{F78206F7-869E-4E5D-8F12-581370FB5482}.Release|Win32.ActiveCfg = Release|Win32
		{F78206F7-869E-4E5D-8F12-581370FB5482}.Release|Win32.Build.0 = Release|Win32
		{F78206F7-869E-4E5D-8F12-581370FB5482}.Release|x64.ActiveCfg = Release|x64
		{F78206F7-869E-4E5D-8F12-581370FB5482}.Release|x64.Build.0 = Release|x64
		{F5492083-3F84-4141-BB9D-45A6B8BD8619}.Debug|Win32.ActiveCfg = Debug|Win32
		{F5492083-3F84-4141-BB9D-45A6B8BD8619}.Debug|Win32.Build.0 = Debug|Win32
		{F5492083-3F84-4141-BB9D-45A6B8BD8619}.Debug|x64.ActiveCfg = Debug|x64
		{F5492083-3F84-4141-BB9D-45A6B8BD8619}.Debug|x64.Build.0 = Debug|x64
		{F5492083-3F84-4141-BB9D-45A6B8BD8619}.Release|Win32.ActiveCfg = Release|Win32
		{F5492083-3F84-4141-BB9D-45A6B8BD8619}.Release|Win32.Build.0 = Release|Win32
		{F5492083-3F84-4141-BB9D-45A6B8BD8619}.Release|x64.ActiveCfg = Release|x64
		{F5492083-3F84-4141-BB9D-45A6B8BD8619}.Release|x64.Build.0 = Release|x64
		{F5492083-3F84-4141-BB9D-15A6B8BD8619}.Debug|Win32.ActiveCfg = Debug|Win32
		{F5492083-3F84-4141-BB9D-15A6B8BD8619}.Debug|Win32.Build.0 = Debug|Win32
		{F5492083-3F84-4141-BB9D-15A6B8BD8619}.Debug|x64.ActiveCfg = Debug|x64
		{F5492083-3F84-4141-BB9D-15A6B8BD8619}.Debug|x64.Build.0 = Debug|x64
		{F5492083-3F84-4141-BB9D-15A6B8BD8619}.Release|Win32.ActiveCfg = Release|Win32
		{F5492083-3F84-4141-BB9D-15A6B8BD8619}.Release|Win32.Build.0 = Release|Win32
		{F5492083-3F84-4141-BB9D-15A6B8BD8619}.Release|x64.ActiveCfg = Release|x64
		{F5492083-3F84-4141-BB9D-15A6B8BD8619}.Release|x64.Build.0 = Release|x64
		{9E1E98F7-F938-47E7-96F2-40CD73DBF2F5}.Debug|Win32.ActiveCfg = Debug|Win32
		{9E1E98F7-F938-47E7-96F2-40CD73DBF2F5}.Debug|Win32.Build.0 = Debug|Win32
		{9E1E98F7-F938-47E7-96F2-40CD73DBF2F5}.Debug|x64.ActiveCfg = Debug|x64
		{9E1E98F7-F938-47E7-96F2-40CD73DBF2F5}.Debug|x64.Build.0 = Debug|x64
		{9E1E98F7-F938-47E7-96F2-40CD73DBF2F5}.Release|Win32.ActiveCfg = Release|Win32
		{9E1E98F7-F938-47E7-96F2-40CD73DBF2F5}.Release|Win32.Build.0 = Release|Win32
		{9E1E98F7-F938-47E7-96F2-40CD73DBF2F5}.Release|x64.ActiveCfg = Release|x64
		{9E1E98F7-F938-47E7-96F2-40CD73DBF2F5}.Release|x64.Build.0 = Release|x64
		{64069ED3-C917-4D55-A0A0-7EA412FBCAE1}.Debug|Win32.ActiveCfg = Debug|Win32
		{64069ED3-C917-4D55-A0A0-7EA412FBCAE1}.Debug|Win32.Build.0 = Debug|Win32
		{64069ED3-C917-4D55-A0A0-7EA412FBCAE1}.Debug|x64.ActiveCfg = Debug|x64
		{64069ED3-C917-4D55-A0A0-7EA412FBCAE1}.Debug|x64.Build.0 = Debug|x64
		{64069ED3-C917-4D55-A0A0-7EA412FBCAE1}.Release|Win32.ActiveCfg = Release|Win32
		{64069ED3-C917-4D55-A0A0-7EA412FBCAE1}.Release|Win32.Build.0 = Release|Win32
		{64069ED3-C917-4D55-A0A0-7EA412FBCAE1}.Release|x64.ActiveCfg = Release|x64
		{64069ED3-C917-4D55-A0A0-7EA412FBCAE1}.Release|x64.Build.0 = Release|x64
		{5ED1185C-E33E-479C-97E0-301A4E4AA19E}.Debug|Win32.ActiveCfg = Debug|Win32
		{5ED1185C-E33E-479C-97E0-301A4E4AA19E}.Debug|Win32.Build.0 = Debug|Win32
		{5ED1185C-E33E-479C-97E0-301A4E4AA19E}.Debug|x64.ActiveCfg = Debug|x64
		{5ED1185C-E33E-479C-97E0-301A4E4AA19E}.Debug|x64.Build.0 = Debug|x64
		{5ED1185C-E33E-479C-97E0-301A4E4AA19E}.Release|Win32.ActiveCfg = Release|Win32
		{5ED1185C-E33E-479C-97E0-301A4E4AA19E}.Release|Win32.Build.0 = Release|Win32
		{5ED1185C-E33E-479C-97E0-301A4E4AA19E}.Release|x64.ActiveCfg = Release|x64
		{5ED1185C-E33E-479C-97E0-301A4E4AA19E}.Release|x64.Build.0 = Release|x64
		{4AD16A57-4639-4C27-B5C9-B61B6134F2DD}.Debug|Win32.ActiveCfg = Debug|Win32
		{4AD16A57-4639-4C27-B5C9-B61B6134F2DD}.Debug|Win32.Build.0 = Debug|Win32
		{4AD16A57-4639-4C27-B5C9-B61B6134F2DD}.Debug|x64.ActiveCfg = Debug|x64
		{4AD16A57-4639-4C27-B5C9-B61B6134F2DD}.Debug|x64.Build.0 = Debug|x64
		{4AD16A57-4639-4C27-B5C9-B61B6134F2DD}.Release|Win32.ActiveCfg = Release|Win32
		{4AD16A57-4639-4C27-B5C9-B61B6134F2DD}.Release|Win32.Build.0 = Release|Win32
		{4AD16A57-4639-4C27-B5C9-B61B6134F2DD}.Release|x64.ActiveCfg = Release|x64
		{4AD16A57-4639-4C27-B5C9-B61B6134F2DD}.Release|x64.Build.0 = Release|x64
		{6C67F489-52C8-46E5-9512-DD071F7BFCC0}.Debug|Win32.ActiveCfg = Debug|Win32
		{6C67F489-52C8-46E5-9512-DD071F7BFCC0}.Debug|Win32.Build.0 = Debug|Win32
		{6C67F489-52C8-46E5-9512-DD071F7BFCC0}.Debug|x64.ActiveCfg = Debug|x64
		{6C67F489-52C8-46E5-9512-DD071F7BFCC0}.Debug|x64.Build.0 = Debug|x64
		{6C67F489-52C8-46E5-9512-DD071F7BFCC0}.Release|Win32.ActiveCfg = Release|Win32
		{6C67F489-52C8-46E5-9512-DD071F7BFCC0}.Release|Win32.Build.0 = Release|Win32
		{6C67F489-52C8-46E5-9512-DD071F7BFCC0}.Release|x64.ActiveCfg = Release|x64
		{6C67F489-52C8-46E5-9512-DD071F7BFCC0}.Release|x64.Build.0 = Release|x64
		{BAE2C90F-54FF-44DA-A186-F2BB1FAFB930}.Debug|Win32.ActiveCfg = Debug|Win32
		{BAE2C90F-54FF-44DA-A186-F2BB1FAFB930}.Debug|Win32.Build.0 = Debug|Win32
		{BAE2C90F-54FF-44DA-A186-F2BB1FAFB930}.Debug|x64.ActiveCfg = Debug|x64
		{BAE2C90F-54FF-44DA-A186-F2BB1FAFB930}.Debug|x64.Build.0 = Debug|x64
		{BAE2C90F-54FF-44DA-A186-F2BB1FAFB930}.Release|Win32.ActiveCfg = Release|Win32
		{BAE2C90F-54FF-44DA-A186-F2BB1FAFB930}.Release|Win32.Build.0 = Release|Win32
		{BAE2C90F-54FF-44DA-A186-F2BB1FAFB930}.Release|x64.ActiveCfg = Release|x64
		{BAE2C90F-54FF-44DA-A186-F2BB1FAFB930}.Release|x64.Build.0 = Release|x64
		{09C96D62-C99C-4003-A8DD-0E8DAC92DF19}.Debug|Win32.ActiveCfg = Debug|Win32
		{09C96D62-C99C-4003-A8DD-0E8DAC92DF19}.Debug|Win32.Build.0 = Debug|Win32
		{09C96D62-C99C-4003-A8DD-0E8DAC92DF19}.Debug|x64.ActiveCfg = Debug|x64
		{09C96D62-C99C-4003-A8DD-0E8DAC92DF19}.Debug|x64.Build.0 = Debug|x64
		{09C96D62-C99C-4003-A8DD-0E8DAC92DF19}.Release|Win32.ActiveCfg = Release|Win32
		{09C96D62-C99C-4003-A8DD-0E8DAC92DF19}.Release|Win32.Build.0 = Release|Win32
		{09C96D62-C99C-4003-A8DD-0E8DAC92DF19}.Release|x64.ActiveCfg = Release|x64
		{09C96D62-C99C-4003-A8DD-0E8DAC92DF19}.Release|x64.Build.0 = Release|x64
		{664B4049-5F64-4235-833A-BA3E4EA8DFEA}.Debug|Win32.ActiveCfg = Debug|Win32
		{664B4049-5F64-4235-833A-BA3E4EA8DFEA}.Debug|Win32.Build.0 = Debug|Win32
		{664B4049-5F64-4235-833A-BA3E4EA8DFEA}.Debug|x64.ActiveCfg = Debug|x64
		{664B4049-5F64-4235-833A-BA3E4EA8DFEA}.Debug|x64.Build.0 = Debug|x64
		{664B4049-5F64-4235-833A-BA3E4EA8DFEA}.Release|Win32.ActiveCfg = Release|Win32
		{664B4049-5F64-4235-833A-BA3E4EA8DFEA}.Release|Win32.Build.0 = Release|Win32
		{664B4049-5F64-4235-833A-BA3E4EA8DFEA}.Release|x64.ActiveCfg = Release|x64
		{664B4049-5F64-4235-833A-BA3E4EA8DFEA}.Release|x64.Build.0 = Release|x64
		{B0115221-03B4-40FB-A368-E535BAF2417A}.Debug|Win32.ActiveCfg = Debug|Win32
		{B0115221-03B4-40FB-A368-E535BAF2417A}.Debug|Win32.Build.0 = Debug|Win32
		{B0115221-03B4-40FB-A368-E535BAF2417A}.Debug|x64.ActiveCfg = Debug|x64
		{B0115221-03B4-40FB-A368-E535BAF2417A}.Debug|x64.Build.0 = Debug|x64
		{B0115221-03B4-40FB-A368-E535BAF2417A}.Release|Win32.ActiveCfg = Release|Win32
		{B0115221-03B4-40FB-A368-E535BAF2417A}.Release|Win32.Build.0 = Release|Win32
		{B0115221-03B4-40FB-A368-E535BAF2417A}.Release|x64.ActiveCfg = Release|x64
		{B0115221-03B4-40FB-A368-E535BAF2417A}.Release|x64.Build.0 = Release|x64
		{17C07933-934B-4766-9815-2CA6A31F5DAB}.Debug|Win32.ActiveCfg = Debug|Win32
		{17C07933-934B-4766-9815-2CA6A31F5DAB}.Debug|Win32.Build.0 = Debug|Win32
		{17C07933-934B-4766-9815-2CA6A31F5DAB}.Debug|x64.ActiveCfg = Debug|x64
		{17C07933-934B-4766-9815-2CA6A31F5DAB}.Debug|x64.Build.0 = Debug|x64
		{17C07933-934B-4766-9815-2CA6A31F5DAB}.Release|Win32.ActiveCfg = Release|Win32
		{17C07933-934B-4766-9815-2CA6A31F5DAB}.Release|Win32.Build.0 = Release|Win32
		{17C07933-934B-4766-9815-2CA6A31F5DAB}.Release|x64.ActiveCfg = Release|x64
		{17C07933-934B-4766-9815-2CA6A31F5DAB}.Release|x64.Build.0 = Release|x64
		{DD3A86AB-0F61-4476-9004-37337BE102C5}.Debug|Win32.ActiveCfg = Debug|Win32
		{DD3A86AB-0F61-4476-9004-37337BE102C5}.Debug|Win32.Build.0 = Debug|Win32
		{DD3A86AB-0F61-4476-9004-37337BE102C5}.Debug|x64.ActiveCfg = Debug|x64
		{DD3A86AB-0F61-4476-9004-37337BE102C5}.Debug|x64.Build.0 = Debug|x64
		{DD3A86AB-0F61-4476-9004-37337BE102C5}.Release|Win32.ActiveCfg = Release|Win32
		{DD3A86AB-0F61-4476-9004-37337BE102C5}.Release|Win32.Build.0 = Release|Win32
		{DD3A86AB-0F61-4476-9004-37337BE102C5}.Release|x64.ActiveCfg = Release|x64
		{DD3A86AB-0F61-4476-9004-37337BE102C5}.Release|x64.Build.0 = Release|x64
		{9B65427E-CE07-4652-85C3-093E355A66ED}.Debug|Win32.ActiveCfg = Debug|Win32
		{9B65427E-CE07-4652-85C3-093E355A66ED}.Debug|Win32.Build.0 = Debug|Win32
		{9B65427E-CE07-4652-85C3-093E355A66ED}.Debug|x64.ActiveCfg = Debug|x64
		{9B65427E-CE07-4652-85C3-093E355A66ED}.Debug|x64.Build.0 = Debug|x64
		{9B65427E-CE07-4652-85C3-093E355A66ED}.Release|Win32.ActiveCfg = Release|Win32
		{9B65427E-CE07-4652-85C3-093E355A66ED}.Release|Win32.Build.0 = Release|Win32
		{9B65427E-CE07-4652-85C3-093E355A66ED}.Release|x64.ActiveCfg = Release|x64
		{9B65427E-CE07-4652-85C3-093E355A66ED}.Release|x64.Build.0 = Release|x64
		{7948284D-B627-4E80-AF85-38EDEB66F7E9}.Debug|Win32.ActiveCfg = Debug|Win32
		{7948284D-B627-4E80-AF85-38EDEB66F7E9}.Debug|Win32.Build.0 = Debug|Win32
		{7948284D-B627-4E80-AF85-38EDEB66F7E9}.Debug|x64.ActiveCfg = Debug|x64
		{7948284D-B627-4E80-AF85-38EDEB66F7E9}.Debug|x64.Build.0 = Debug|x64
		{7948284D-B627-4E80-AF85-38EDEB66F7E9}.Release|Win32.ActiveCfg = Release|Win32
		{7948284D-B627-4E80-AF85-38EDEB66F7E9}.Release|Win32.Build.0 = Release|Win32
		{7948284D-B627-4E80-AF85-38EDEB66F7E9}.Release|x64.ActiveCfg = Release|x64
		{7948284D-B627-4E80-AF85-38EDEB66F7E9}.Release|x64.Build.0 = Release|x64
		{5573FB93-9BD0-4E7A-A193-E8522ABDF035}.Debug|Win32.ActiveCfg = Debug|Win32
		{5573FB93-9BD0-4E7A-A193-E8522ABDF035}.Debug|Win32.Build.0 = Debug|Win32
		{5573FB93-9BD0-4E7A-A193-E8522ABDF035}.Debug|x64.ActiveCfg = Debug|x64
		{5573FB93-9BD0-4E7A-A193-E8522ABDF035}.Debug|x64.Build.0 = Debug|x64
		{5573FB93-9BD0-4E7A-A193-E8522ABDF035}.Release|Win32.ActiveCfg = Release|Win32
		{5573FB93-9BD0-4E7A-A193-E8522ABDF035}.Release|Win32.Build.0 = Release|Win32
		{5573FB93-9BD0-4E7A-A193-E8522ABDF035}.Release|x64.ActiveCfg = Release|x64
		{5573FB93-9BD0-4E7A-A193-E8522ABDF035}.Release|x64.Build.0 = Release|x64
		{7BCCA299-434D-41B3-AE5D-9EB9E447B1FC}.Debug|Win32.ActiveCfg = Debug|Win32
		{7BCCA299-434D-41B3-AE5D-9EB9E447B1FC}.Debug|Win32.Build.0 = Debug|Win32
		{7BCCA299-434D-41B3-AE5D-9EB9E447B1FC}.Debug|x64.ActiveCfg = Debug|x64
		{7BCCA299-434D-41B3-AE5D-9EB9E447B1FC}.Debug|x64.Build.0 = Debug|x64
		{7BCCA299-434D-41B3-AE5D-9EB9E447B1FC}.Release|Win32.ActiveCfg = Release|Win32
		{7BCCA299-434D-41B3-AE5D-9EB9E447B1FC}.Release|Win32.Build.0 = Release|Win32
		{7BCCA299-434D-41B3-AE5D-9EB9E447B1FC}.Release|x64.ActiveCfg = Release|x64
		{7BCCA299-434D-41B3-AE5D-9EB9E447B1FC}.Release|x64.Build.0 = Release|x64
		{E6C25D81-4B5C-4F13-8461-992831443B74}.Debug|Win32.ActiveCfg = Debug|Win32
		{E6C25D81-4B5C-4F13-8461-992831443B74}.Debug|Win32.Build.0 = Debug|Win32
		{E6C25D81-4B5C-4F13-8461-992831443B74}.Debug|x64.ActiveCfg = Debug|x64
		{E6C25D81-4B5C-4F13-8461-992831443B74}.Debug|x64.Build.0 = Debug|x64
		{E6C25D81-4B5C-4F13-8461-992831443B74}.Release|Win32.ActiveCfg = Release|Win32
		{E6C25D81-4B5C-4F13-8461-992831443B74}.Release|Win32.Build.0 = Release|Win32
		{E6C25D81-4B5C-4F13-8461-992831443B74}.Release|x64.ActiveCfg = Release|x64
		{E6C25D81-4B5C-4F13-8461-992831443B74}.Release|x64.Build.0 = Release|x64
	EndGlobalSection
	GlobalSection(SolutionProperties) = preSolution
		HideSolutionNode = FALSE
	EndGlobalSection
	GlobalSection(DPCodeReviewSolutionGUID) = preSolution
		DPCodeReviewSolutionGUID = {00000000-0000-0000-0000-000000000000}
	EndGlobalSection
EndGlobal
