Microsoft Visual Studio Solution File, Format Version 11.00
# Visual Studio 2010
Project("{8BC9CEB8-8B4A-11D0-8D11-00A0C91BC942}") = "AddImageTestVC2010", "AddImageTest\CPP\AddImageTestVC2010.vcxproj", "{5ECEA8C3-0CB2-44AC-9E6F-1785FC4BB76B}"
EndProject
Project("{8BC9CEB8-8B4A-11D0-8D11-00A0C91BC942}") = "AnnotationTestVC2010", "AnnotationTest\CPP\AnnotationTestVC2010.vcxproj", "{31CA8806-0299-4E3D-AB2D-8ABA1FD8EDF8}"
EndProject
Project("{8BC9CEB8-8B4A-11D0-8D11-00A0C91BC942}") = "BookmarkTestVC2010", "BookmarkTest\CPP\BookmarkTestVC2010.vcxproj", "{DCB79AD5-AEC2-4D89-ADBB-3A8ECD8E2554}"
EndProject
Project("{8BC9CEB8-8B4A-11D0-8D11-00A0C91BC942}") = "ContentReplacerTestVC2010", "ContentReplacerTest\CPP\ContentReplacerTestVC2010.vcxproj", "{D10F651A-475A-45B3-84D5-E28ADE4CA484}"
EndProject
Project("{8BC9CEB8-8B4A-11D0-8D11-00A0C91BC942}") = "ConvertTestVC2010", "ConvertTest\CPP\ConvertTestVC2010.vcxproj", "{568431D1-94B6-499C-B650-6F4F9603F8B5}"
EndProject
Project("{8BC9CEB8-8B4A-11D0-8D11-00A0C91BC942}") = "CAD2PDFTestVC2010", "CAD2PDFTest\CPP\CAD2PDFTestVC2010.vcxproj", "{f9705db8-0551-457c-a505-b6e42a486bd9}"
EndProject
Project("{8BC9CEB8-8B4A-11D0-8D11-00A0C91BC942}") = "DigitalSignaturesTestVC2010", "DigitalSignaturesTest\CPP\DigitalSignaturesTestVC2010.vcxproj", "{923D2FD2-79AA-4545-B7BD-BDABE18CD537}"
EndProject
Project("{8BC9CEB8-8B4A-11D0-8D11-00A0C91BC942}") = "ElementBuilderTestVC2010", "ElementBuilderTest\CPP\ElementBuilderTestVC2010.vcxproj", "{3A531C48-99E3-42DC-8659-5F023DF01EF6}"
EndProject
Project("{8BC9CEB8-8B4A-11D0-8D11-00A0C91BC942}") = "ElementEditTestVC2010", "ElementEditTest\CPP\ElementEditTestVC2010.vcxproj", "{80FC93A6-4068-4B46-A3E1-48B69505100A}"
EndProject
Project("{8BC9CEB8-8B4A-11D0-8D11-00A0C91BC942}") = "ElementReaderAdvTestVC2010", "ElementReaderAdvTest\CPP\ElementReaderAdvTestVC2010.vcxproj", "{874E32C4-267D-4337-885C-16C6556A717B}"
EndProject
Project("{8BC9CEB8-8B4A-11D0-8D11-00A0C91BC942}") = "ElementReaderTestVC2010", "ElementReaderTest\CPP\ElementReaderTestVC2010.vcxproj", "{CCA83153-018C-4733-BDC2-B20A9AF6C54C}"
EndProject
Project("{8BC9CEB8-8B4A-11D0-8D11-00A0C91BC942}") = "EncTestVC2010", "EncTest\CPP\EncTestVC2010.vcxproj", "{D07D311D-BD77-4635-A8CC-8B7DAC1A7A00}"
EndProject
Project("{8BC9CEB8-8B4A-11D0-8D11-00A0C91BC942}") = "FDFTestVC2010", "FDFTest\CPP\FDFTestVC2010.vcxproj", "{5D7AE0BD-5539-4E27-B217-69BD31638B17}"
EndProject
Project("{8BC9CEB8-8B4A-11D0-8D11-00A0C91BC942}") = "HTML2PDFTestVC2010", "HTML2PDFTest\CPP\HTML2PDFTestVC2010.vcxproj", "{248F1388-AFE3-4C9C-9785-5490621067F4}"
EndProject
Project("{8BC9CEB8-8B4A-11D0-8D11-00A0C91BC942}") = "ImageExtractTestVC2010", "ImageExtractTest\CPP\ImageExtractTestVC2010.vcxproj", "{DB4DC0F0-62DA-4FA0-8CA8-DF0C97A82F58}"
EndProject
Project("{8BC9CEB8-8B4A-11D0-8D11-00A0C91BC942}") = "ImpositionTestVC2010", "ImpositionTest\CPP\ImpositionTestVC2010.vcxproj", "{C0A2FE95-224B-4023-8E75-CF307792FF1E}"
EndProject
Project("{8BC9CEB8-8B4A-11D0-8D11-00A0C91BC942}") = "InteractiveFormsTestVC2010", "InteractiveFormsTest\CPP\InteractiveFormsTestVC2010.vcxproj", "{9A155835-FEBD-4CBB-B4CA-4A27B6795A9B}"
EndProject
Project("{8BC9CEB8-8B4A-11D0-8D11-00A0C91BC942}") = "JBIG2TestVC2010", "JBIG2Test\CPP\JBIG2TestVC2010.vcxproj", "{F86019F7-6D5C-4C3F-84F1-EF8E28896F75}"
EndProject
Project("{8BC9CEB8-8B4A-11D0-8D11-00A0C91BC942}") = "LogicalStructureTestVC2010", "LogicalStructureTest\CPP\LogicalStructureTestVC2010.vcxproj", "{C997B03B-12E0-4CF1-9FE7-07A609023D2E}"
EndProject
Project("{8BC9CEB8-8B4A-11D0-8D11-00A0C91BC942}") = "OptimizerTestVC2010", "OptimizerTest\CPP\OptimizerTestVC2010.vcxproj", "{4010C5C2-621C-49E4-B409-FB3D291BD671}"
EndProject
Project("{8BC9CEB8-8B4A-11D0-8D11-00A0C91BC942}") = "PageLabelsTestVC2010", "PageLabelsTest\CPP\PageLabelsTestVC2010.vcxproj", "{712C0D1A-85EA-499B-97A2-A2432625DE71}"
EndProject
Project("{8BC9CEB8-8B4A-11D0-8D11-00A0C91BC942}") = "PatternTestVC2010", "PatternTest\CPP\PatternTestVC2010.vcxproj", "{AF137AEB-AFD4-4B20-B7F8-6641074C944D}"
EndProject
Project("{8BC9CEB8-8B4A-11D0-8D11-00A0C91BC942}") = "PDFATestVC2010", "PDFATest\CPP\PDFATestVC2010.vcxproj", "{8005B91F-3583-4C11-9EA6-7F31EB7C0A45}"
EndProject
Project("{8BC9CEB8-8B4A-11D0-8D11-00A0C91BC942}") = "PDFDCTestVC2010", "PDFDCTest\CPP\PDFDCTestVC2010.vcxproj", "{46620E3B-B7F6-423D-84AF-F7E26D22BCB4}"
EndProject
Project("{8BC9CEB8-8B4A-11D0-8D11-00A0C91BC942}") = "PDFDocMemoryTestVC2010", "PDFDocMemoryTest\CPP\PDFDocMemoryTestVC2010.vcxproj", "{0EDAB964-D570-4377-AB21-35DA3F0BC47D}"
EndProject
Project("{8BC9CEB8-8B4A-11D0-8D11-00A0C91BC942}") = "PDFDrawTestVC2010", "PDFDrawTest\CPP\PDFDrawTestVC2010.vcxproj", "{021B7080-9103-437D-B24E-9BF1BA44374E}"
EndProject
Project("{8BC9CEB8-8B4A-11D0-8D11-00A0C91BC942}") = "OCRTestVC2010", "OCRTest\CPP\OCRTestVC2010.vcxproj", "{021B7080-9103-437D-B24E-2BF1BA44374E}"
EndProject
Project("{8BC9CEB8-8B4A-11D0-8D11-00A0C91BC942}") = "PDFLayersTestVC2010", "PDFLayersTest\CPP\PDFLayersTestVC2010.vcxproj", "{B46E7857-6DD9-497D-B6FB-B214CFE95D87}"
EndProject
Project("{8BC9CEB8-8B4A-11D0-8D11-00A0C91BC942}") = "PDFPackageTestVC2010", "PDFPackageTest\CPP\PDFPackageTestVC2010.vcxproj", "{B1EB77DF-A1F6-42D2-A799-8DBE1FCD81F5}"
EndProject
Project("{8BC9CEB8-8B4A-11D0-8D11-00A0C91BC942}") = "PDFPageTestVC2010", "PDFPageTest\CPP\PDFPageTestVC2010.vcxproj", "{60273703-A8C9-4378-BF17-9D0FF96C25FD}"
EndProject
Project("{8BC9CEB8-8B4A-11D0-8D11-00A0C91BC942}") = "PDFPrintTestVC2010", "PDFPrintTest\CPP\PDFPrintTestVC2010.vcxproj", "{EED90451-35E6-4740-896E-8A6D38854B6F}"
EndProject
Project("{8BC9CEB8-8B4A-11D0-8D11-00A0C91BC942}") = "PDFRedactTestVC2010", "PDFRedactTest\CPP\PDFRedactTestVC2010.vcxproj", "{D7CCB2F4-A0CF-4C88-AD8B-3F98DCBAF20C}"
EndProject
Project("{8BC9CEB8-8B4A-11D0-8D11-00A0C91BC942}") = "RectTestVC2010", "RectTest\CPP\RectTestVC2010.vcxproj", "{077BDBD8-535B-47F5-B4F0-58B0078F2DA0}"
EndProject
Project("{8BC9CEB8-8B4A-11D0-8D11-00A0C91BC942}") = "SDFTestVC2010", "SDFTest\CPP\SDFTestVC2010.vcxproj", "{9C12C68D-6189-44BF-B44F-F575A7BACAE3}"
EndProject
Project("{8BC9CEB8-8B4A-11D0-8D11-00A0C91BC942}") = "StamperTestVC2010", "StamperTest\CPP\StamperTestVC2010.vcxproj", "{896EF40F-4D26-4FC3-B393-083AC2A42C94}"
EndProject
Project("{8BC9CEB8-8B4A-11D0-8D11-00A0C91BC942}") = "TextExtractTestVC2010", "TextExtractTest\CPP\TextExtractTestVC2010.vcxproj", "{F0C90A0E-8B92-4B62-996D-1C9E97640890}"
EndProject
Project("{8BC9CEB8-8B4A-11D0-8D11-00A0C91BC942}") = "TextSearchTestVC2010", "TextSearchTest\CPP\TextSearchTestVC2010.vcxproj", "{B07F9374-B6EF-4CC4-AA08-DF08BD3A6712}"
EndProject
Project("{8BC9CEB8-8B4A-11D0-8D11-00A0C91BC942}") = "U3DTestVC2010", "U3DTest\CPP\U3DTestVC2010.vcxproj", "{E109D1D5-36FC-48D8-A62F-1E7F26C2E8A9}"
EndProject
Project("{8BC9CEB8-8B4A-11D0-8D11-00A0C91BC942}") = "UnicodeWriteTestVC2010", "UnicodeWriteTest\CPP\UnicodeWriteTestVC2010.vcxproj", "{41647680-5589-4753-BE81-C1054235F5C3}"
EndProject
Project("{8BC9CEB8-8B4A-11D0-8D11-00A0C91BC942}") = "OfficeToPDFTestVC2010", "OfficeToPDFTest\CPP\OfficeToPDFTestVC2010.vcxproj", "{4cc4d1df-5183-40a1-81ea-83e4d29294b3}"
EndProject
Project("{8BC9CEB8-8B4A-11D0-8D11-00A0C91BC942}") = "WebViewerConvertTestVC2010", "WebViewerConvertTest\CPP\WebViewerConvertTestVC2010.vcxproj", "{2FB4367D-1114-4DC4-A853-0B7FA3A22B11}"
EndProject
Project("{8BC9CEB8-8B4A-11D0-8D11-00A0C91BC942}") = "PDFViewSimpleTestVC2010", "PDFViewSimpleTest\CPP\PDFViewSimpleTestVC2010.vcxproj", "{BAE2C90F-54FF-44DA-A186-F2BB1FAFB930}"
EndProject
Project("{8BC9CEB8-8B4A-11D0-8D11-00A0C91BC942}") = "PDFViewWXTestVC2010", "PDFViewWXTest\CPP\PDFViewWXTestVC2010.vcxproj", "{09C96D62-C99C-4003-A8DD-0E8DAC92DF19}"
EndProject
Project("{8BC9CEB8-8B4A-11D0-8D11-00A0C91BC942}") = "UndoRedoTestVC2010", "UndoRedoTest\CPP\UndoRedoTestVC2010.vcxproj", "{E6C25D81-4B5C-4F13-8461-992831443B74}"
EndProject
Global
	GlobalSection(SolutionConfigurationPlatforms) = preSolution
		Debug|x64 = Debug|x64
		Release|x64 = Release|x64
	EndGlobalSection
	GlobalSection(ProjectConfigurationPlatforms) = postSolution
		{4cc4d1df-5183-40a1-81ea-83e4d29294b3}.Debug|Win32.ActiveCfg = Debug|Win32
		{4cc4d1df-5183-40a1-81ea-83e4d29294b3}.Debug|Win32.Build.0 = Debug|Win32
		{4cc4d1df-5183-40a1-81ea-83e4d29294b3}.Debug|x64.ActiveCfg = Debug|x64
		{4cc4d1df-5183-40a1-81ea-83e4d29294b3}.Debug|x64.Build.0 = Debug|x64
		{4cc4d1df-5183-40a1-81ea-83e4d29294b3}.Release|Win32.ActiveCfg = Release|Win32
		{4cc4d1df-5183-40a1-81ea-83e4d29294b3}.Release|Win32.Build.0 = Release|Win32
		{4cc4d1df-5183-40a1-81ea-83e4d29294b3}.Release|x64.ActiveCfg = Release|x64
		{4cc4d1df-5183-40a1-81ea-83e4d29294b3}.Release|x64.Build.0 = Release|x64
		{5ECEA8C3-0CB2-44AC-9E6F-1785FC4BB76B}.Debug|Win32.ActiveCfg = Debug|Win32
		{5ECEA8C3-0CB2-44AC-9E6F-1785FC4BB76B}.Debug|Win32.Build.0 = Debug|Win32
		{5ECEA8C3-0CB2-44AC-9E6F-1785FC4BB76B}.Debug|x64.ActiveCfg = Debug|x64
		{5ECEA8C3-0CB2-44AC-9E6F-1785FC4BB76B}.Debug|x64.Build.0 = Debug|x64
		{5ECEA8C3-0CB2-44AC-9E6F-1785FC4BB76B}.Release|Win32.ActiveCfg = Release|Win32
		{5ECEA8C3-0CB2-44AC-9E6F-1785FC4BB76B}.Release|Win32.Build.0 = Release|Win32
		{5ECEA8C3-0CB2-44AC-9E6F-1785FC4BB76B}.Release|x64.ActiveCfg = Release|x64
		{5ECEA8C3-0CB2-44AC-9E6F-1785FC4BB76B}.Release|x64.Build.0 = Release|x64
		{31CA8806-0299-4E3D-AB2D-8ABA1FD8EDF8}.Debug|Win32.ActiveCfg = Debug|Win32
		{31CA8806-0299-4E3D-AB2D-8ABA1FD8EDF8}.Debug|Win32.Build.0 = Debug|Win32
		{31CA8806-0299-4E3D-AB2D-8ABA1FD8EDF8}.Debug|x64.ActiveCfg = Debug|x64
		{31CA8806-0299-4E3D-AB2D-8ABA1FD8EDF8}.Debug|x64.Build.0 = Debug|x64
		{31CA8806-0299-4E3D-AB2D-8ABA1FD8EDF8}.Release|Win32.ActiveCfg = Release|Win32
		{31CA8806-0299-4E3D-AB2D-8ABA1FD8EDF8}.Release|Win32.Build.0 = Release|Win32
		{31CA8806-0299-4E3D-AB2D-8ABA1FD8EDF8}.Release|x64.ActiveCfg = Release|x64
		{31CA8806-0299-4E3D-AB2D-8ABA1FD8EDF8}.Release|x64.Build.0 = Release|x64
		{DCB79AD5-AEC2-4D89-ADBB-3A8ECD8E2554}.Debug|Win32.ActiveCfg = Debug|Win32
		{DCB79AD5-AEC2-4D89-ADBB-3A8ECD8E2554}.Debug|Win32.Build.0 = Debug|Win32
		{DCB79AD5-AEC2-4D89-ADBB-3A8ECD8E2554}.Debug|x64.ActiveCfg = Debug|x64
		{DCB79AD5-AEC2-4D89-ADBB-3A8ECD8E2554}.Debug|x64.Build.0 = Debug|x64
		{DCB79AD5-AEC2-4D89-ADBB-3A8ECD8E2554}.Release|Win32.ActiveCfg = Release|Win32
		{DCB79AD5-AEC2-4D89-ADBB-3A8ECD8E2554}.Release|Win32.Build.0 = Release|Win32
		{DCB79AD5-AEC2-4D89-ADBB-3A8ECD8E2554}.Release|x64.ActiveCfg = Release|x64
		{DCB79AD5-AEC2-4D89-ADBB-3A8ECD8E2554}.Release|x64.Build.0 = Release|x64
		{D10F651A-475A-45B3-84D5-E28ADE4CA484}.Debug|Win32.ActiveCfg = Debug|Win32
		{D10F651A-475A-45B3-84D5-E28ADE4CA484}.Debug|Win32.Build.0 = Debug|Win32
		{D10F651A-475A-45B3-84D5-E28ADE4CA484}.Debug|x64.ActiveCfg = Debug|x64
		{D10F651A-475A-45B3-84D5-E28ADE4CA484}.Debug|x64.Build.0 = Debug|x64
		{D10F651A-475A-45B3-84D5-E28ADE4CA484}.Release|Win32.ActiveCfg = Release|Win32
		{D10F651A-475A-45B3-84D5-E28ADE4CA484}.Release|Win32.Build.0 = Release|Win32
		{D10F651A-475A-45B3-84D5-E28ADE4CA484}.Release|x64.ActiveCfg = Release|x64
		{D10F651A-475A-45B3-84D5-E28ADE4CA484}.Release|x64.Build.0 = Release|x64
		{568431D1-94B6-499C-B650-6F4F9603F8B5}.Debug|Win32.ActiveCfg = Debug|Win32
		{568431D1-94B6-499C-B650-6F4F9603F8B5}.Debug|Win32.Build.0 = Debug|Win32
		{568431D1-94B6-499C-B650-6F4F9603F8B5}.Debug|x64.ActiveCfg = Debug|x64
		{568431D1-94B6-499C-B650-6F4F9603F8B5}.Debug|x64.Build.0 = Debug|x64
		{568431D1-94B6-499C-B650-6F4F9603F8B5}.Release|Win32.ActiveCfg = Release|Win32
		{568431D1-94B6-499C-B650-6F4F9603F8B5}.Release|Win32.Build.0 = Release|Win32
		{568431D1-94B6-499C-B650-6F4F9603F8B5}.Release|x64.ActiveCfg = Release|x64
		{568431D1-94B6-499C-B650-6F4F9603F8B5}.Release|x64.Build.0 = Release|x64
		{f9705db8-0551-457c-a505-b6e42a486bd9}.Debug|Win32.ActiveCfg = Debug|Win32
		{f9705db8-0551-457c-a505-b6e42a486bd9}.Debug|Win32.Build.0 = Debug|Win32
		{f9705db8-0551-457c-a505-b6e42a486bd9}.Debug|x64.ActiveCfg = Debug|x64
		{f9705db8-0551-457c-a505-b6e42a486bd9}.Debug|x64.Build.0 = Debug|x64
		{f9705db8-0551-457c-a505-b6e42a486bd9}.Release|Win32.ActiveCfg = Release|Win32
		{f9705db8-0551-457c-a505-b6e42a486bd9}.Release|Win32.Build.0 = Release|Win32
		{f9705db8-0551-457c-a505-b6e42a486bd9}.Release|x64.ActiveCfg = Release|x64
		{f9705db8-0551-457c-a505-b6e42a486bd9}.Release|x64.Build.0 = Release|x64
		{923D2FD2-79AA-4545-B7BD-BDABE18CD537}.Debug|Win32.ActiveCfg = Debug|Win32
		{923D2FD2-79AA-4545-B7BD-BDABE18CD537}.Debug|Win32.Build.0 = Debug|Win32
		{923D2FD2-79AA-4545-B7BD-BDABE18CD537}.Debug|x64.ActiveCfg = Debug|x64
		{923D2FD2-79AA-4545-B7BD-BDABE18CD537}.Debug|x64.Build.0 = Debug|x64
		{923D2FD2-79AA-4545-B7BD-BDABE18CD537}.Release|Win32.ActiveCfg = Release|Win32
		{923D2FD2-79AA-4545-B7BD-BDABE18CD537}.Release|Win32.Build.0 = Release|Win32
		{923D2FD2-79AA-4545-B7BD-BDABE18CD537}.Release|x64.ActiveCfg = Release|x64
		{923D2FD2-79AA-4545-B7BD-BDABE18CD537}.Release|x64.Build.0 = Release|x64
		{3A531C48-99E3-42DC-8659-5F023DF01EF6}.Debug|Win32.ActiveCfg = Debug|Win32
		{3A531C48-99E3-42DC-8659-5F023DF01EF6}.Debug|Win32.Build.0 = Debug|Win32
		{3A531C48-99E3-42DC-8659-5F023DF01EF6}.Debug|x64.ActiveCfg = Debug|x64
		{3A531C48-99E3-42DC-8659-5F023DF01EF6}.Debug|x64.Build.0 = Debug|x64
		{3A531C48-99E3-42DC-8659-5F023DF01EF6}.Release|Win32.ActiveCfg = Release|Win32
		{3A531C48-99E3-42DC-8659-5F023DF01EF6}.Release|Win32.Build.0 = Release|Win32
		{3A531C48-99E3-42DC-8659-5F023DF01EF6}.Release|x64.ActiveCfg = Release|x64
		{3A531C48-99E3-42DC-8659-5F023DF01EF6}.Release|x64.Build.0 = Release|x64
		{80FC93A6-4068-4B46-A3E1-48B69505100A}.Debug|Win32.ActiveCfg = Debug|Win32
		{80FC93A6-4068-4B46-A3E1-48B69505100A}.Debug|Win32.Build.0 = Debug|Win32
		{80FC93A6-4068-4B46-A3E1-48B69505100A}.Debug|x64.ActiveCfg = Debug|x64
		{80FC93A6-4068-4B46-A3E1-48B69505100A}.Debug|x64.Build.0 = Debug|x64
		{80FC93A6-4068-4B46-A3E1-48B69505100A}.Release|Win32.ActiveCfg = Release|Win32
		{80FC93A6-4068-4B46-A3E1-48B69505100A}.Release|Win32.Build.0 = Release|Win32
		{80FC93A6-4068-4B46-A3E1-48B69505100A}.Release|x64.ActiveCfg = Release|x64
		{80FC93A6-4068-4B46-A3E1-48B69505100A}.Release|x64.Build.0 = Release|x64
		{874E32C4-267D-4337-885C-16C6556A717B}.Debug|Win32.ActiveCfg = Debug|Win32
		{874E32C4-267D-4337-885C-16C6556A717B}.Debug|Win32.Build.0 = Debug|Win32
		{874E32C4-267D-4337-885C-16C6556A717B}.Debug|x64.ActiveCfg = Debug|x64
		{874E32C4-267D-4337-885C-16C6556A717B}.Debug|x64.Build.0 = Debug|x64
		{874E32C4-267D-4337-885C-16C6556A717B}.Release|Win32.ActiveCfg = Release|Win32
		{874E32C4-267D-4337-885C-16C6556A717B}.Release|Win32.Build.0 = Release|Win32
		{874E32C4-267D-4337-885C-16C6556A717B}.Release|x64.ActiveCfg = Release|x64
		{874E32C4-267D-4337-885C-16C6556A717B}.Release|x64.Build.0 = Release|x64
		{CCA83153-018C-4733-BDC2-B20A9AF6C54C}.Debug|Win32.ActiveCfg = Debug|Win32
		{CCA83153-018C-4733-BDC2-B20A9AF6C54C}.Debug|Win32.Build.0 = Debug|Win32
		{CCA83153-018C-4733-BDC2-B20A9AF6C54C}.Debug|x64.ActiveCfg = Debug|x64
		{CCA83153-018C-4733-BDC2-B20A9AF6C54C}.Debug|x64.Build.0 = Debug|x64
		{CCA83153-018C-4733-BDC2-B20A9AF6C54C}.Release|Win32.ActiveCfg = Release|Win32
		{CCA83153-018C-4733-BDC2-B20A9AF6C54C}.Release|Win32.Build.0 = Release|Win32
		{CCA83153-018C-4733-BDC2-B20A9AF6C54C}.Release|x64.ActiveCfg = Release|x64
		{CCA83153-018C-4733-BDC2-B20A9AF6C54C}.Release|x64.Build.0 = Release|x64
		{D07D311D-BD77-4635-A8CC-8B7DAC1A7A00}.Debug|Win32.ActiveCfg = Debug|Win32
		{D07D311D-BD77-4635-A8CC-8B7DAC1A7A00}.Debug|Win32.Build.0 = Debug|Win32
		{D07D311D-BD77-4635-A8CC-8B7DAC1A7A00}.Debug|x64.ActiveCfg = Debug|x64
		{D07D311D-BD77-4635-A8CC-8B7DAC1A7A00}.Debug|x64.Build.0 = Debug|x64
		{D07D311D-BD77-4635-A8CC-8B7DAC1A7A00}.Release|Win32.ActiveCfg = Release|Win32
		{D07D311D-BD77-4635-A8CC-8B7DAC1A7A00}.Release|Win32.Build.0 = Release|Win32
		{D07D311D-BD77-4635-A8CC-8B7DAC1A7A00}.Release|x64.ActiveCfg = Release|x64
		{D07D311D-BD77-4635-A8CC-8B7DAC1A7A00}.Release|x64.Build.0 = Release|x64
		{5D7AE0BD-5539-4E27-B217-69BD31638B17}.Debug|Win32.ActiveCfg = Debug|Win32
		{5D7AE0BD-5539-4E27-B217-69BD31638B17}.Debug|Win32.Build.0 = Debug|Win32
		{5D7AE0BD-5539-4E27-B217-69BD31638B17}.Debug|x64.ActiveCfg = Debug|x64
		{5D7AE0BD-5539-4E27-B217-69BD31638B17}.Debug|x64.Build.0 = Debug|x64
		{5D7AE0BD-5539-4E27-B217-69BD31638B17}.Release|Win32.ActiveCfg = Release|Win32
		{5D7AE0BD-5539-4E27-B217-69BD31638B17}.Release|Win32.Build.0 = Release|Win32
		{5D7AE0BD-5539-4E27-B217-69BD31638B17}.Release|x64.ActiveCfg = Release|x64
		{5D7AE0BD-5539-4E27-B217-69BD31638B17}.Release|x64.Build.0 = Release|x64
		{248F1388-AFE3-4C9C-9785-5490621067F4}.Debug|Win32.ActiveCfg = Debug|Win32
		{248F1388-AFE3-4C9C-9785-5490621067F4}.Debug|Win32.Build.0 = Debug|Win32
		{248F1388-AFE3-4C9C-9785-5490621067F4}.Debug|x64.ActiveCfg = Debug|x64
		{248F1388-AFE3-4C9C-9785-5490621067F4}.Debug|x64.Build.0 = Debug|x64
		{248F1388-AFE3-4C9C-9785-5490621067F4}.Release|Win32.ActiveCfg = Release|Win32
		{248F1388-AFE3-4C9C-9785-5490621067F4}.Release|Win32.Build.0 = Release|Win32
		{248F1388-AFE3-4C9C-9785-5490621067F4}.Release|x64.ActiveCfg = Release|x64
		{248F1388-AFE3-4C9C-9785-5490621067F4}.Release|x64.Build.0 = Release|x64
		{DB4DC0F0-62DA-4FA0-8CA8-DF0C97A82F58}.Debug|Win32.ActiveCfg = Debug|Win32
		{DB4DC0F0-62DA-4FA0-8CA8-DF0C97A82F58}.Debug|Win32.Build.0 = Debug|Win32
		{DB4DC0F0-62DA-4FA0-8CA8-DF0C97A82F58}.Debug|x64.ActiveCfg = Debug|x64
		{DB4DC0F0-62DA-4FA0-8CA8-DF0C97A82F58}.Debug|x64.Build.0 = Debug|x64
		{DB4DC0F0-62DA-4FA0-8CA8-DF0C97A82F58}.Release|Win32.ActiveCfg = Release|Win32
		{DB4DC0F0-62DA-4FA0-8CA8-DF0C97A82F58}.Release|Win32.Build.0 = Release|Win32
		{DB4DC0F0-62DA-4FA0-8CA8-DF0C97A82F58}.Release|x64.ActiveCfg = Release|x64
		{DB4DC0F0-62DA-4FA0-8CA8-DF0C97A82F58}.Release|x64.Build.0 = Release|x64
		{C0A2FE95-224B-4023-8E75-CF307792FF1E}.Debug|Win32.ActiveCfg = Debug|Win32
		{C0A2FE95-224B-4023-8E75-CF307792FF1E}.Debug|Win32.Build.0 = Debug|Win32
		{C0A2FE95-224B-4023-8E75-CF307792FF1E}.Debug|x64.ActiveCfg = Debug|x64
		{C0A2FE95-224B-4023-8E75-CF307792FF1E}.Debug|x64.Build.0 = Debug|x64
		{C0A2FE95-224B-4023-8E75-CF307792FF1E}.Release|Win32.ActiveCfg = Release|Win32
		{C0A2FE95-224B-4023-8E75-CF307792FF1E}.Release|Win32.Build.0 = Release|Win32
		{C0A2FE95-224B-4023-8E75-CF307792FF1E}.Release|x64.ActiveCfg = Release|x64
		{C0A2FE95-224B-4023-8E75-CF307792FF1E}.Release|x64.Build.0 = Release|x64
		{9A155835-FEBD-4CBB-B4CA-4A27B6795A9B}.Debug|Win32.ActiveCfg = Debug|Win32
		{9A155835-FEBD-4CBB-B4CA-4A27B6795A9B}.Debug|Win32.Build.0 = Debug|Win32
		{9A155835-FEBD-4CBB-B4CA-4A27B6795A9B}.Debug|x64.ActiveCfg = Debug|x64
		{9A155835-FEBD-4CBB-B4CA-4A27B6795A9B}.Debug|x64.Build.0 = Debug|x64
		{9A155835-FEBD-4CBB-B4CA-4A27B6795A9B}.Release|Win32.ActiveCfg = Release|Win32
		{9A155835-FEBD-4CBB-B4CA-4A27B6795A9B}.Release|Win32.Build.0 = Release|Win32
		{9A155835-FEBD-4CBB-B4CA-4A27B6795A9B}.Release|x64.ActiveCfg = Release|x64
		{9A155835-FEBD-4CBB-B4CA-4A27B6795A9B}.Release|x64.Build.0 = Release|x64
		{F86019F7-6D5C-4C3F-84F1-EF8E28896F75}.Debug|Win32.ActiveCfg = Debug|Win32
		{F86019F7-6D5C-4C3F-84F1-EF8E28896F75}.Debug|Win32.Build.0 = Debug|Win32
		{F86019F7-6D5C-4C3F-84F1-EF8E28896F75}.Debug|x64.ActiveCfg = Debug|x64
		{F86019F7-6D5C-4C3F-84F1-EF8E28896F75}.Debug|x64.Build.0 = Debug|x64
		{F86019F7-6D5C-4C3F-84F1-EF8E28896F75}.Release|Win32.ActiveCfg = Release|Win32
		{F86019F7-6D5C-4C3F-84F1-EF8E28896F75}.Release|Win32.Build.0 = Release|Win32
		{F86019F7-6D5C-4C3F-84F1-EF8E28896F75}.Release|x64.ActiveCfg = Release|x64
		{F86019F7-6D5C-4C3F-84F1-EF8E28896F75}.Release|x64.Build.0 = Release|x64
		{C997B03B-12E0-4CF1-9FE7-07A609023D2E}.Debug|Win32.ActiveCfg = Debug|Win32
		{C997B03B-12E0-4CF1-9FE7-07A609023D2E}.Debug|Win32.Build.0 = Debug|Win32
		{C997B03B-12E0-4CF1-9FE7-07A609023D2E}.Debug|x64.ActiveCfg = Debug|x64
		{C997B03B-12E0-4CF1-9FE7-07A609023D2E}.Debug|x64.Build.0 = Debug|x64
		{C997B03B-12E0-4CF1-9FE7-07A609023D2E}.Release|Win32.ActiveCfg = Release|Win32
		{C997B03B-12E0-4CF1-9FE7-07A609023D2E}.Release|Win32.Build.0 = Release|Win32
		{C997B03B-12E0-4CF1-9FE7-07A609023D2E}.Release|x64.ActiveCfg = Release|x64
		{C997B03B-12E0-4CF1-9FE7-07A609023D2E}.Release|x64.Build.0 = Release|x64
		{4010C5C2-621C-49E4-B409-FB3D291BD671}.Debug|Win32.ActiveCfg = Debug|Win32
		{4010C5C2-621C-49E4-B409-FB3D291BD671}.Debug|Win32.Build.0 = Debug|Win32
		{4010C5C2-621C-49E4-B409-FB3D291BD671}.Debug|x64.ActiveCfg = Debug|x64
		{4010C5C2-621C-49E4-B409-FB3D291BD671}.Debug|x64.Build.0 = Debug|x64
		{4010C5C2-621C-49E4-B409-FB3D291BD671}.Release|Win32.ActiveCfg = Release|Win32
		{4010C5C2-621C-49E4-B409-FB3D291BD671}.Release|Win32.Build.0 = Release|Win32
		{4010C5C2-621C-49E4-B409-FB3D291BD671}.Release|x64.ActiveCfg = Release|x64
		{4010C5C2-621C-49E4-B409-FB3D291BD671}.Release|x64.Build.0 = Release|x64
		{712C0D1A-85EA-499B-97A2-A2432625DE71}.Debug|Win32.ActiveCfg = Debug|Win32
		{712C0D1A-85EA-499B-97A2-A2432625DE71}.Debug|Win32.Build.0 = Debug|Win32
		{712C0D1A-85EA-499B-97A2-A2432625DE71}.Debug|x64.ActiveCfg = Debug|x64
		{712C0D1A-85EA-499B-97A2-A2432625DE71}.Debug|x64.Build.0 = Debug|x64
		{712C0D1A-85EA-499B-97A2-A2432625DE71}.Release|Win32.ActiveCfg = Release|Win32
		{712C0D1A-85EA-499B-97A2-A2432625DE71}.Release|Win32.Build.0 = Release|Win32
		{712C0D1A-85EA-499B-97A2-A2432625DE71}.Release|x64.ActiveCfg = Release|x64
		{712C0D1A-85EA-499B-97A2-A2432625DE71}.Release|x64.Build.0 = Release|x64
		{AF137AEB-AFD4-4B20-B7F8-6641074C944D}.Debug|Win32.ActiveCfg = Debug|Win32
		{AF137AEB-AFD4-4B20-B7F8-6641074C944D}.Debug|Win32.Build.0 = Debug|Win32
		{AF137AEB-AFD4-4B20-B7F8-6641074C944D}.Debug|x64.ActiveCfg = Debug|x64
		{AF137AEB-AFD4-4B20-B7F8-6641074C944D}.Debug|x64.Build.0 = Debug|x64
		{AF137AEB-AFD4-4B20-B7F8-6641074C944D}.Release|Win32.ActiveCfg = Release|Win32
		{AF137AEB-AFD4-4B20-B7F8-6641074C944D}.Release|Win32.Build.0 = Release|Win32
		{AF137AEB-AFD4-4B20-B7F8-6641074C944D}.Release|x64.ActiveCfg = Release|x64
		{AF137AEB-AFD4-4B20-B7F8-6641074C944D}.Release|x64.Build.0 = Release|x64
		{8005B91F-3583-4C11-9EA6-7F31EB7C0A45}.Debug|Win32.ActiveCfg = Debug|Win32
		{8005B91F-3583-4C11-9EA6-7F31EB7C0A45}.Debug|Win32.Build.0 = Debug|Win32
		{8005B91F-3583-4C11-9EA6-7F31EB7C0A45}.Debug|x64.ActiveCfg = Debug|x64
		{8005B91F-3583-4C11-9EA6-7F31EB7C0A45}.Debug|x64.Build.0 = Debug|x64
		{8005B91F-3583-4C11-9EA6-7F31EB7C0A45}.Release|Win32.ActiveCfg = Release|Win32
		{8005B91F-3583-4C11-9EA6-7F31EB7C0A45}.Release|Win32.Build.0 = Release|Win32
		{8005B91F-3583-4C11-9EA6-7F31EB7C0A45}.Release|x64.ActiveCfg = Release|x64
		{8005B91F-3583-4C11-9EA6-7F31EB7C0A45}.Release|x64.Build.0 = Release|x64
		{46620E3B-B7F6-423D-84AF-F7E26D22BCB4}.Debug|Win32.ActiveCfg = Debug|Win32
		{46620E3B-B7F6-423D-84AF-F7E26D22BCB4}.Debug|Win32.Build.0 = Debug|Win32
		{46620E3B-B7F6-423D-84AF-F7E26D22BCB4}.Debug|x64.ActiveCfg = Debug|x64
		{46620E3B-B7F6-423D-84AF-F7E26D22BCB4}.Debug|x64.Build.0 = Debug|x64
		{46620E3B-B7F6-423D-84AF-F7E26D22BCB4}.Release|Win32.ActiveCfg = Release|Win32
		{46620E3B-B7F6-423D-84AF-F7E26D22BCB4}.Release|Win32.Build.0 = Release|Win32
		{46620E3B-B7F6-423D-84AF-F7E26D22BCB4}.Release|x64.ActiveCfg = Release|x64
		{46620E3B-B7F6-423D-84AF-F7E26D22BCB4}.Release|x64.Build.0 = Release|x64
		{0EDAB964-D570-4377-AB21-35DA3F0BC47D}.Debug|Win32.ActiveCfg = Debug|Win32
		{0EDAB964-D570-4377-AB21-35DA3F0BC47D}.Debug|Win32.Build.0 = Debug|Win32
		{0EDAB964-D570-4377-AB21-35DA3F0BC47D}.Debug|x64.ActiveCfg = Debug|x64
		{0EDAB964-D570-4377-AB21-35DA3F0BC47D}.Debug|x64.Build.0 = Debug|x64
		{0EDAB964-D570-4377-AB21-35DA3F0BC47D}.Release|Win32.ActiveCfg = Release|Win32
		{0EDAB964-D570-4377-AB21-35DA3F0BC47D}.Release|Win32.Build.0 = Release|Win32
		{0EDAB964-D570-4377-AB21-35DA3F0BC47D}.Release|x64.ActiveCfg = Release|x64
		{0EDAB964-D570-4377-AB21-35DA3F0BC47D}.Release|x64.Build.0 = Release|x64
		{B46E7857-6DD9-497D-B6FB-B214CFE95D87}.Debug|Win32.ActiveCfg = Debug|Win32
		{B46E7857-6DD9-497D-B6FB-B214CFE95D87}.Debug|Win32.Build.0 = Debug|Win32
		{B46E7857-6DD9-497D-B6FB-B214CFE95D87}.Debug|x64.ActiveCfg = Debug|x64
		{B46E7857-6DD9-497D-B6FB-B214CFE95D87}.Debug|x64.Build.0 = Debug|x64
		{B46E7857-6DD9-497D-B6FB-B214CFE95D87}.Release|Win32.ActiveCfg = Release|Win32
		{B46E7857-6DD9-497D-B6FB-B214CFE95D87}.Release|Win32.Build.0 = Release|Win32
		{B46E7857-6DD9-497D-B6FB-B214CFE95D87}.Release|x64.ActiveCfg = Release|x64
		{B46E7857-6DD9-497D-B6FB-B214CFE95D87}.Release|x64.Build.0 = Release|x64
		{B1EB77DF-A1F6-42D2-A799-8DBE1FCD81F5}.Debug|Win32.ActiveCfg = Debug|Win32
		{B1EB77DF-A1F6-42D2-A799-8DBE1FCD81F5}.Debug|Win32.Build.0 = Debug|Win32
		{B1EB77DF-A1F6-42D2-A799-8DBE1FCD81F5}.Debug|x64.ActiveCfg = Debug|x64
		{B1EB77DF-A1F6-42D2-A799-8DBE1FCD81F5}.Debug|x64.Build.0 = Debug|x64
		{B1EB77DF-A1F6-42D2-A799-8DBE1FCD81F5}.Release|Win32.ActiveCfg = Release|Win32
		{B1EB77DF-A1F6-42D2-A799-8DBE1FCD81F5}.Release|Win32.Build.0 = Release|Win32
		{B1EB77DF-A1F6-42D2-A799-8DBE1FCD81F5}.Release|x64.ActiveCfg = Release|x64
		{B1EB77DF-A1F6-42D2-A799-8DBE1FCD81F5}.Release|x64.Build.0 = Release|x64
		{60273703-A8C9-4378-BF17-9D0FF96C25FD}.Debug|Win32.ActiveCfg = Debug|Win32
		{60273703-A8C9-4378-BF17-9D0FF96C25FD}.Debug|Win32.Build.0 = Debug|Win32
		{60273703-A8C9-4378-BF17-9D0FF96C25FD}.Debug|x64.ActiveCfg = Debug|x64
		{60273703-A8C9-4378-BF17-9D0FF96C25FD}.Debug|x64.Build.0 = Debug|x64
		{60273703-A8C9-4378-BF17-9D0FF96C25FD}.Release|Win32.ActiveCfg = Release|Win32
		{60273703-A8C9-4378-BF17-9D0FF96C25FD}.Release|Win32.Build.0 = Release|Win32
		{60273703-A8C9-4378-BF17-9D0FF96C25FD}.Release|x64.ActiveCfg = Release|x64
		{60273703-A8C9-4378-BF17-9D0FF96C25FD}.Release|x64.Build.0 = Release|x64
		{EED90451-35E6-4740-896E-8A6D38854B6F}.Debug|Win32.ActiveCfg = Debug|Win32
		{EED90451-35E6-4740-896E-8A6D38854B6F}.Debug|Win32.Build.0 = Debug|Win32
		{EED90451-35E6-4740-896E-8A6D38854B6F}.Debug|x64.ActiveCfg = Debug|x64
		{EED90451-35E6-4740-896E-8A6D38854B6F}.Debug|x64.Build.0 = Debug|x64
		{EED90451-35E6-4740-896E-8A6D38854B6F}.Release|Win32.ActiveCfg = Release|Win32
		{EED90451-35E6-4740-896E-8A6D38854B6F}.Release|Win32.Build.0 = Release|Win32
		{EED90451-35E6-4740-896E-8A6D38854B6F}.Release|x64.ActiveCfg = Release|x64
		{EED90451-35E6-4740-896E-8A6D38854B6F}.Release|x64.Build.0 = Release|x64
		{D7CCB2F4-A0CF-4C88-AD8B-3F98DCBAF20C}.Debug|Win32.ActiveCfg = Debug|Win32
		{D7CCB2F4-A0CF-4C88-AD8B-3F98DCBAF20C}.Debug|Win32.Build.0 = Debug|Win32
		{D7CCB2F4-A0CF-4C88-AD8B-3F98DCBAF20C}.Debug|x64.ActiveCfg = Debug|x64
		{D7CCB2F4-A0CF-4C88-AD8B-3F98DCBAF20C}.Debug|x64.Build.0 = Debug|x64
		{D7CCB2F4-A0CF-4C88-AD8B-3F98DCBAF20C}.Release|Win32.ActiveCfg = Release|Win32
		{D7CCB2F4-A0CF-4C88-AD8B-3F98DCBAF20C}.Release|Win32.Build.0 = Release|Win32
		{D7CCB2F4-A0CF-4C88-AD8B-3F98DCBAF20C}.Release|x64.ActiveCfg = Release|x64
		{D7CCB2F4-A0CF-4C88-AD8B-3F98DCBAF20C}.Release|x64.Build.0 = Release|x64
		{077BDBD8-535B-47F5-B4F0-58B0078F2DA0}.Debug|Win32.ActiveCfg = Debug|Win32
		{077BDBD8-535B-47F5-B4F0-58B0078F2DA0}.Debug|Win32.Build.0 = Debug|Win32
		{077BDBD8-535B-47F5-B4F0-58B0078F2DA0}.Debug|x64.ActiveCfg = Debug|x64
		{077BDBD8-535B-47F5-B4F0-58B0078F2DA0}.Debug|x64.Build.0 = Debug|x64
		{077BDBD8-535B-47F5-B4F0-58B0078F2DA0}.Release|Win32.ActiveCfg = Release|Win32
		{077BDBD8-535B-47F5-B4F0-58B0078F2DA0}.Release|Win32.Build.0 = Release|Win32
		{077BDBD8-535B-47F5-B4F0-58B0078F2DA0}.Release|x64.ActiveCfg = Release|x64
		{077BDBD8-535B-47F5-B4F0-58B0078F2DA0}.Release|x64.Build.0 = Release|x64
		{9C12C68D-6189-44BF-B44F-F575A7BACAE3}.Debug|Win32.ActiveCfg = Debug|Win32
		{9C12C68D-6189-44BF-B44F-F575A7BACAE3}.Debug|Win32.Build.0 = Debug|Win32
		{9C12C68D-6189-44BF-B44F-F575A7BACAE3}.Debug|x64.ActiveCfg = Debug|x64
		{9C12C68D-6189-44BF-B44F-F575A7BACAE3}.Debug|x64.Build.0 = Debug|x64
		{9C12C68D-6189-44BF-B44F-F575A7BACAE3}.Release|Win32.ActiveCfg = Release|Win32
		{9C12C68D-6189-44BF-B44F-F575A7BACAE3}.Release|Win32.Build.0 = Release|Win32
		{9C12C68D-6189-44BF-B44F-F575A7BACAE3}.Release|x64.ActiveCfg = Release|x64
		{9C12C68D-6189-44BF-B44F-F575A7BACAE3}.Release|x64.Build.0 = Release|x64
		{896EF40F-4D26-4FC3-B393-083AC2A42C94}.Debug|Win32.ActiveCfg = Debug|Win32
		{896EF40F-4D26-4FC3-B393-083AC2A42C94}.Debug|Win32.Build.0 = Debug|Win32
		{896EF40F-4D26-4FC3-B393-083AC2A42C94}.Debug|x64.ActiveCfg = Debug|x64
		{896EF40F-4D26-4FC3-B393-083AC2A42C94}.Debug|x64.Build.0 = Debug|x64
		{896EF40F-4D26-4FC3-B393-083AC2A42C94}.Release|Win32.ActiveCfg = Release|Win32
		{896EF40F-4D26-4FC3-B393-083AC2A42C94}.Release|Win32.Build.0 = Release|Win32
		{896EF40F-4D26-4FC3-B393-083AC2A42C94}.Release|x64.ActiveCfg = Release|x64
		{896EF40F-4D26-4FC3-B393-083AC2A42C94}.Release|x64.Build.0 = Release|x64
		{F0C90A0E-8B92-4B62-996D-1C9E97640890}.Debug|Win32.ActiveCfg = Debug|Win32
		{F0C90A0E-8B92-4B62-996D-1C9E97640890}.Debug|Win32.Build.0 = Debug|Win32
		{F0C90A0E-8B92-4B62-996D-1C9E97640890}.Debug|x64.ActiveCfg = Debug|x64
		{F0C90A0E-8B92-4B62-996D-1C9E97640890}.Debug|x64.Build.0 = Debug|x64
		{F0C90A0E-8B92-4B62-996D-1C9E97640890}.Release|Win32.ActiveCfg = Release|Win32
		{F0C90A0E-8B92-4B62-996D-1C9E97640890}.Release|Win32.Build.0 = Release|Win32
		{F0C90A0E-8B92-4B62-996D-1C9E97640890}.Release|x64.ActiveCfg = Release|x64
		{F0C90A0E-8B92-4B62-996D-1C9E97640890}.Release|x64.Build.0 = Release|x64
		{B07F9374-B6EF-4CC4-AA08-DF08BD3A6712}.Debug|Win32.ActiveCfg = Debug|Win32
		{B07F9374-B6EF-4CC4-AA08-DF08BD3A6712}.Debug|Win32.Build.0 = Debug|Win32
		{B07F9374-B6EF-4CC4-AA08-DF08BD3A6712}.Debug|x64.ActiveCfg = Debug|x64
		{B07F9374-B6EF-4CC4-AA08-DF08BD3A6712}.Debug|x64.Build.0 = Debug|x64
		{B07F9374-B6EF-4CC4-AA08-DF08BD3A6712}.Release|Win32.ActiveCfg = Release|Win32
		{B07F9374-B6EF-4CC4-AA08-DF08BD3A6712}.Release|Win32.Build.0 = Release|Win32
		{B07F9374-B6EF-4CC4-AA08-DF08BD3A6712}.Release|x64.ActiveCfg = Release|x64
		{B07F9374-B6EF-4CC4-AA08-DF08BD3A6712}.Release|x64.Build.0 = Release|x64
		{E109D1D5-36FC-48D8-A62F-1E7F26C2E8A9}.Debug|Win32.ActiveCfg = Debug|Win32
		{E109D1D5-36FC-48D8-A62F-1E7F26C2E8A9}.Debug|Win32.Build.0 = Debug|Win32
		{E109D1D5-36FC-48D8-A62F-1E7F26C2E8A9}.Debug|x64.ActiveCfg = Debug|x64
		{E109D1D5-36FC-48D8-A62F-1E7F26C2E8A9}.Debug|x64.Build.0 = Debug|x64
		{E109D1D5-36FC-48D8-A62F-1E7F26C2E8A9}.Release|Win32.ActiveCfg = Release|Win32
		{E109D1D5-36FC-48D8-A62F-1E7F26C2E8A9}.Release|Win32.Build.0 = Release|Win32
		{E109D1D5-36FC-48D8-A62F-1E7F26C2E8A9}.Release|x64.ActiveCfg = Release|x64
		{E109D1D5-36FC-48D8-A62F-1E7F26C2E8A9}.Release|x64.Build.0 = Release|x64
		{41647680-5589-4753-BE81-C1054235F5C3}.Debug|Win32.ActiveCfg = Debug|Win32
		{41647680-5589-4753-BE81-C1054235F5C3}.Debug|Win32.Build.0 = Debug|Win32
		{41647680-5589-4753-BE81-C1054235F5C3}.Debug|x64.ActiveCfg = Debug|x64
		{41647680-5589-4753-BE81-C1054235F5C3}.Debug|x64.Build.0 = Debug|x64
		{41647680-5589-4753-BE81-C1054235F5C3}.Release|Win32.ActiveCfg = Release|Win32
		{41647680-5589-4753-BE81-C1054235F5C3}.Release|Win32.Build.0 = Release|Win32
		{41647680-5589-4753-BE81-C1054235F5C3}.Release|x64.ActiveCfg = Release|x64
		{41647680-5589-4753-BE81-C1054235F5C3}.Release|x64.Build.0 = Release|x64
		{2FB4367D-1114-4DC4-A853-0B7FA3A22B11}.Debug|Win32.ActiveCfg = Debug|Win32
		{2FB4367D-1114-4DC4-A853-0B7FA3A22B11}.Debug|Win32.Build.0 = Debug|Win32
		{2FB4367D-1114-4DC4-A853-0B7FA3A22B11}.Debug|x64.ActiveCfg = Debug|x64
		{2FB4367D-1114-4DC4-A853-0B7FA3A22B11}.Debug|x64.Build.0 = Debug|x64
		{2FB4367D-1114-4DC4-A853-0B7FA3A22B11}.Release|Win32.ActiveCfg = Release|Win32
		{2FB4367D-1114-4DC4-A853-0B7FA3A22B11}.Release|Win32.Build.0 = Release|Win32
		{2FB4367D-1114-4DC4-A853-0B7FA3A22B11}.Release|x64.ActiveCfg = Release|x64
		{2FB4367D-1114-4DC4-A853-0B7FA3A22B11}.Release|x64.Build.0 = Release|x64
		{BAE2C90F-54FF-44DA-A186-F2BB1FAFB930}.Debug|Win32.ActiveCfg = Debug|Win32
		{BAE2C90F-54FF-44DA-A186-F2BB1FAFB930}.Debug|Win32.Build.0 = Debug|Win32
		{BAE2C90F-54FF-44DA-A186-F2BB1FAFB930}.Debug|x64.ActiveCfg = Debug|x64
		{BAE2C90F-54FF-44DA-A186-F2BB1FAFB930}.Debug|x64.Build.0 = Debug|x64
		{BAE2C90F-54FF-44DA-A186-F2BB1FAFB930}.Release|Win32.ActiveCfg = Release|Win32
		{BAE2C90F-54FF-44DA-A186-F2BB1FAFB930}.Release|Win32.Build.0 = Release|Win32
		{BAE2C90F-54FF-44DA-A186-F2BB1FAFB930}.Release|x64.ActiveCfg = Release|x64
		{BAE2C90F-54FF-44DA-A186-F2BB1FAFB930}.Release|x64.Build.0 = Release|x64
		{09C96D62-C99C-4003-A8DD-0E8DAC92DF19}.Debug|Win32.ActiveCfg = Debug|Win32
		{09C96D62-C99C-4003-A8DD-0E8DAC92DF19}.Debug|Win32.Build.0 = Debug|Win32
		{09C96D62-C99C-4003-A8DD-0E8DAC92DF19}.Debug|x64.ActiveCfg = Debug|x64
		{09C96D62-C99C-4003-A8DD-0E8DAC92DF19}.Debug|x64.Build.0 = Debug|x64
		{09C96D62-C99C-4003-A8DD-0E8DAC92DF19}.Release|Win32.ActiveCfg = Release|Win32
		{09C96D62-C99C-4003-A8DD-0E8DAC92DF19}.Release|Win32.Build.0 = Release|Win32
		{09C96D62-C99C-4003-A8DD-0E8DAC92DF19}.Release|x64.ActiveCfg = Release|x64
		{09C96D62-C99C-4003-A8DD-0E8DAC92DF19}.Release|x64.Build.0 = Release|x64
		{E6C25D81-4B5C-4F13-8461-992831443B74}.Debug|Win32.ActiveCfg = Debug|Win32
		{E6C25D81-4B5C-4F13-8461-992831443B74}.Debug|Win32.Build.0 = Debug|Win32
		{E6C25D81-4B5C-4F13-8461-992831443B74}.Debug|x64.ActiveCfg = Debug|x64
		{E6C25D81-4B5C-4F13-8461-992831443B74}.Debug|x64.Build.0 = Debug|x64
		{E6C25D81-4B5C-4F13-8461-992831443B74}.Release|Win32.ActiveCfg = Release|Win32
		{E6C25D81-4B5C-4F13-8461-992831443B74}.Release|Win32.Build.0 = Release|Win32
		{E6C25D81-4B5C-4F13-8461-992831443B74}.Release|x64.ActiveCfg = Release|x64
		{E6C25D81-4B5C-4F13-8461-992831443B74}.Release|x64.Build.0 = Release|x64
		{021B7080-9103-437D-B24E-2BF1BA44374E}.Debug|Win32.ActiveCfg = Debug|Win32
		{021B7080-9103-437D-B24E-2BF1BA44374E}.Debug|Win32.Build.0 = Debug|Win32
		{021B7080-9103-437D-B24E-2BF1BA44374E}.Debug|x64.ActiveCfg = Debug|x64
		{021B7080-9103-437D-B24E-2BF1BA44374E}.Debug|x64.Build.0 = Debug|x64
		{021B7080-9103-437D-B24E-2BF1BA44374E}.Release|Win32.ActiveCfg = Release|Win32
		{021B7080-9103-437D-B24E-2BF1BA44374E}.Release|Win32.Build.0 = Release|Win32
		{021B7080-9103-437D-B24E-2BF1BA44374E}.Release|x64.ActiveCfg = Release|x64
		{021B7080-9103-437D-B24E-2BF1BA44374E}.Release|x64.Build.0 = Release|x64
		{021B7080-9103-437D-B24E-9BF1BA44374E}.Debug|Win32.ActiveCfg = Debug|Win32
		{021B7080-9103-437D-B24E-9BF1BA44374E}.Debug|Win32.Build.0 = Debug|Win32
		{021B7080-9103-437D-B24E-9BF1BA44374E}.Debug|x64.ActiveCfg = Debug|x64
		{021B7080-9103-437D-B24E-9BF1BA44374E}.Debug|x64.Build.0 = Debug|x64
		{021B7080-9103-437D-B24E-9BF1BA44374E}.Release|Win32.ActiveCfg = Release|Win32
		{021B7080-9103-437D-B24E-9BF1BA44374E}.Release|Win32.Build.0 = Release|Win32
		{021B7080-9103-437D-B24E-9BF1BA44374E}.Release|x64.ActiveCfg = Release|x64
		{021B7080-9103-437D-B24E-9BF1BA44374E}.Release|x64.Build.0 = Release|x64

	EndGlobalSection
	GlobalSection(SolutionProperties) = preSolution
		HideSolutionNode = FALSE
	EndGlobalSection
	GlobalSection(DPCodeReviewSolutionGUID) = preSolution
		DPCodeReviewSolutionGUID = {00000000-0000-0000-0000-000000000000}
	EndGlobalSection
EndGlobal
